Microsoft Visual Studio Solution File, Format Version 11.00
# Visual Studio 2010
Project("{2150E333-8FDC-42A3-9474-1A3956D46DE8}") = "(allocator)", "..\..\base\allocator", "{6478B9F3-4858-63F4-35F4-98A303E305F3}"
EndProject
Project("{2150E333-8FDC-42A3-9474-1A3956D46DE8}") = "(base)", "..\..\base", "{9785FB75-982A-5DE3-252D-3F288B9FEF5B}"
EndProject
Project("{2150E333-8FDC-42A3-9474-1A3956D46DE8}") = "(dynamic_annotations)", "..\..\base\third_party\dynamic_annotations", "{EF1E4970-C119-B0D7-F5D6-321C6AE66EDC}"
EndProject
Project("{2150E333-8FDC-42A3-9474-1A3956D46DE8}") = "(icu)", "..\..\third_party\icu", "{2DE59335-96CE-10CA-CDE5-FEC35E3549BB}"
EndProject
Project("{2150E333-8FDC-42A3-9474-1A3956D46DE8}") = "(ipc)", "..\..\ipc", "{6E739A16-1324-5F4E-B3DD-D8BBDA9938E5}"
EndProject
Project("{2150E333-8FDC-42A3-9474-1A3956D46DE8}") = "(modp_b64)", "..\..\third_party\modp_b64", "{3DC53144-5334-1B74-C233-23BEE3D8EABD}"
EndProject
Project("{2150E333-8FDC-42A3-9474-1A3956D46DE8}") = "(testing)", "..\..\testing", "{EAC80D00-01D2-3F49-A377-20B7154947F3}"
EndProject
Project("{2150E333-8FDC-42A3-9474-1A3956D46DE8}") = "(third_party)", "..\..\base\third_party", "{3E7FA5AF-27B3-2DE0-883C-12F98E7F4E81}"
EndProject
Project("{2150E333-8FDC-42A3-9474-1A3956D46DE8}") = "(third_party)", "..\..\third_party", "{89C816A7-DD31-D54C-C69C-5A80E0C49B77}"
EndProject
Project("{8BC9CEB8-8B4A-11D0-8D11-00A0C91BC942}") = "allocator_extension_thunks", "..\base\allocator\allocator_extension_thunks.vcxproj", "{B809330E-CE95-CAC3-1CB3-B7ED24F872DA}"
EndProject
Project("{8BC9CEB8-8B4A-11D0-8D11-00A0C91BC942}") = "allocator_extension_thunks_win64", "..\base\allocator\allocator_extension_thunks_win64.vcxproj", "{35381706-220D-09D3-7B6A-E16CA52F44A7}"
EndProject
Project("{8BC9CEB8-8B4A-11D0-8D11-00A0C91BC942}") = "base", "..\base\base.vcxproj", "{E89D819C-4AE7-5E83-55D5-53A9A91D06D2}"
EndProject
Project("{8BC9CEB8-8B4A-11D0-8D11-00A0C91BC942}") = "base_i18n", "..\base\base_i18n.vcxproj", "{D9488C31-2113-A98A-C4C6-2828EDFC39AD}"
EndProject
Project("{8BC9CEB8-8B4A-11D0-8D11-00A0C91BC942}") = "base_static", "..\base\base_static.vcxproj", "{9CC0342A-8D18-2E10-C9CF-98126C3C322D}"
EndProject
Project("{8BC9CEB8-8B4A-11D0-8D11-00A0C91BC942}") = "base_static_win64", "..\base\base_static_win64.vcxproj", "{A6126C3E-5926-CE2B-AD85-F669B4D01EDC}"
EndProject
Project("{8BC9CEB8-8B4A-11D0-8D11-00A0C91BC942}") = "base_win64", "..\base\base_win64.vcxproj", "{036C90B3-1F33-B785-2350-036E2A1E5FD7}"
EndProject
Project("{8BC9CEB8-8B4A-11D0-8D11-00A0C91BC942}") = "dynamic_annotations", "..\base\third_party\dynamic_annotations\dynamic_annotations.vcxproj", "{427FF7CE-E7DC-477C-5642-8A30922C917E}"
EndProject
Project("{8BC9CEB8-8B4A-11D0-8D11-00A0C91BC942}") = "dynamic_annotations_win64", "..\base\third_party\dynamic_annotations\dynamic_annotations_win64.vcxproj", "{FBB5FD74-5FB0-E1D4-5EBC-86F9030793B4}"
EndProject
Project("{8BC9CEB8-8B4A-11D0-8D11-00A0C91BC942}") = "gmock", "..\testing\gmock.vcxproj", "{8F2D496F-4E2A-48B1-0D1C-6A83FF7C65A4}"
EndProject
Project("{8BC9CEB8-8B4A-11D0-8D11-00A0C91BC942}") = "gtest", "..\testing\gtest.vcxproj", "{FDBC9E25-33EC-DF9A-765B-C92E65F5B0ED}"
EndProject
Project("{8BC9CEB8-8B4A-11D0-8D11-00A0C91BC942}") = "gtest_prod", "..\testing\gtest_prod.vcxproj", "{A20D54BB-66E6-1EBA-AA9E-DEE774DEC16E}"
EndProject
Project("{8BC9CEB8-8B4A-11D0-8D11-00A0C91BC942}") = "icudata", "..\third_party\icu\icudata.vcxproj", "{B3B292FD-B455-0EBA-F4E7-D41F1F5E8E15}"
EndProject
Project("{8BC9CEB8-8B4A-11D0-8D11-00A0C91BC942}") = "icui18n", "..\third_party\icu\icui18n.vcxproj", "{08B0ACC4-A9A9-1795-58DF-56ADD0673C1A}"
EndProject
Project("{8BC9CEB8-8B4A-11D0-8D11-00A0C91BC942}") = "icuuc", "..\third_party\icu\icuuc.vcxproj", "{A5B2BC70-B3D5-2512-2BD4-5E2E2AFBF3B6}"
EndProject
Project("{8BC9CEB8-8B4A-11D0-8D11-00A0C91BC942}") = "ipc", "ipc.vcxproj", "{FFD4398A-5114-894B-0CA0-E935511FC0CD}"
EndProject
Project("{8BC9CEB8-8B4A-11D0-8D11-00A0C91BC942}") = "ipc_perftests", "ipc_perftests.vcxproj", "{5B2DB89C-6B25-5782-7DCC-8554EA2B37E1}"
EndProject
Project("{8BC9CEB8-8B4A-11D0-8D11-00A0C91BC942}") = "ipc_tests", "ipc_tests.vcxproj", "{756A325A-7E5F-89A5-5A22-093E9DA5274D}"
EndProject
Project("{8BC9CEB8-8B4A-11D0-8D11-00A0C91BC942}") = "ipc_win64", "ipc_win64.vcxproj", "{F91F123A-C2BE-F416-AFC0-059ABF7CFAD1}"
EndProject
Project("{8BC9CEB8-8B4A-11D0-8D11-00A0C91BC942}") = "libxml", "..\third_party\libxml\libxml.vcxproj", "{C9F0A67F-7969-AABA-2AD1-DEAD714E0086}"
EndProject
Project("{8BC9CEB8-8B4A-11D0-8D11-00A0C91BC942}") = "modp_b64", "..\third_party\modp_b64\modp_b64.vcxproj", "{0E259FD7-99FA-B07F-10E4-49A0F35BEF50}"
EndProject
Project("{8BC9CEB8-8B4A-11D0-8D11-00A0C91BC942}") = "modp_b64_win64", "..\third_party\modp_b64\modp_b64_win64.vcxproj", "{41A205D4-2214-E51D-3E11-993546955AE5}"
EndProject
Project("{8BC9CEB8-8B4A-11D0-8D11-00A0C91BC942}") = "test_support_base", "..\base\test_support_base.vcxproj", "{5DED9428-2303-500E-A380-BCBE22CC67D6}"
EndProject
Project("{8BC9CEB8-8B4A-11D0-8D11-00A0C91BC942}") = "test_support_ipc", "test_support_ipc.vcxproj", "{FEFC50B3-AEEA-F1F1-E937-94135E7E7F24}"
EndProject
Project("{8BC9CEB8-8B4A-11D0-8D11-00A0C91BC942}") = "test_support_perf", "..\base\test_support_perf.vcxproj", "{AC55DACE-7935-28F5-65BB-C805000BE6D1}"
EndProject
Project("{8BC9CEB8-8B4A-11D0-8D11-00A0C91BC942}") = "zlib", "..\third_party\zlib\zlib.vcxproj", "{71D36910-3E62-AB88-6CA6-E76CD6EC0A14}"
EndProject
Global
	GlobalSection(SolutionConfigurationPlatforms) = preSolution
		Release|x64 = Release|x64
		Debug|Win32 = Debug|Win32
		Debug|x64 = Debug|x64
		Release|Win32 = Release|Win32
	EndGlobalSection
	GlobalSection(ProjectConfigurationPlatforms) = postSolution
		{036C90B3-1F33-B785-2350-036E2A1E5FD7}.Release|x64.ActiveCfg = Release|x64
		{036C90B3-1F33-B785-2350-036E2A1E5FD7}.Release|x64.Build.0 = Release|x64
		{036C90B3-1F33-B785-2350-036E2A1E5FD7}.Debug|Win32.ActiveCfg = Debug|x64
		{036C90B3-1F33-B785-2350-036E2A1E5FD7}.Debug|Win32.Build.0 = Debug|x64
		{036C90B3-1F33-B785-2350-036E2A1E5FD7}.Debug|x64.ActiveCfg = Debug|x64
		{036C90B3-1F33-B785-2350-036E2A1E5FD7}.Debug|x64.Build.0 = Debug|x64
		{036C90B3-1F33-B785-2350-036E2A1E5FD7}.Release|Win32.ActiveCfg = Release|x64
		{036C90B3-1F33-B785-2350-036E2A1E5FD7}.Release|Win32.Build.0 = Release|x64
		{08B0ACC4-A9A9-1795-58DF-56ADD0673C1A}.Release|x64.ActiveCfg = Release|x64
		{08B0ACC4-A9A9-1795-58DF-56ADD0673C1A}.Release|x64.Build.0 = Release|x64
		{08B0ACC4-A9A9-1795-58DF-56ADD0673C1A}.Debug|Win32.ActiveCfg = Debug|Win32
		{08B0ACC4-A9A9-1795-58DF-56ADD0673C1A}.Debug|Win32.Build.0 = Debug|Win32
		{08B0ACC4-A9A9-1795-58DF-56ADD0673C1A}.Debug|x64.ActiveCfg = Debug|x64
		{08B0ACC4-A9A9-1795-58DF-56ADD0673C1A}.Debug|x64.Build.0 = Debug|x64
		{08B0ACC4-A9A9-1795-58DF-56ADD0673C1A}.Release|Win32.ActiveCfg = Release|Win32
		{08B0ACC4-A9A9-1795-58DF-56ADD0673C1A}.Release|Win32.Build.0 = Release|Win32
		{0E259FD7-99FA-B07F-10E4-49A0F35BEF50}.Release|x64.ActiveCfg = Release|x64
		{0E259FD7-99FA-B07F-10E4-49A0F35BEF50}.Release|x64.Build.0 = Release|x64
		{0E259FD7-99FA-B07F-10E4-49A0F35BEF50}.Debug|Win32.ActiveCfg = Debug|Win32
		{0E259FD7-99FA-B07F-10E4-49A0F35BEF50}.Debug|Win32.Build.0 = Debug|Win32
		{0E259FD7-99FA-B07F-10E4-49A0F35BEF50}.Debug|x64.ActiveCfg = Debug|x64
		{0E259FD7-99FA-B07F-10E4-49A0F35BEF50}.Debug|x64.Build.0 = Debug|x64
		{0E259FD7-99FA-B07F-10E4-49A0F35BEF50}.Release|Win32.ActiveCfg = Release|Win32
		{0E259FD7-99FA-B07F-10E4-49A0F35BEF50}.Release|Win32.Build.0 = Release|Win32
		{35381706-220D-09D3-7B6A-E16CA52F44A7}.Release|x64.ActiveCfg = Release|x64
		{35381706-220D-09D3-7B6A-E16CA52F44A7}.Release|x64.Build.0 = Release|x64
		{35381706-220D-09D3-7B6A-E16CA52F44A7}.Debug|Win32.ActiveCfg = Debug|x64
		{35381706-220D-09D3-7B6A-E16CA52F44A7}.Debug|Win32.Build.0 = Debug|x64
		{35381706-220D-09D3-7B6A-E16CA52F44A7}.Debug|x64.ActiveCfg = Debug|x64
		{35381706-220D-09D3-7B6A-E16CA52F44A7}.Debug|x64.Build.0 = Debug|x64
		{35381706-220D-09D3-7B6A-E16CA52F44A7}.Release|Win32.ActiveCfg = Release|x64
		{35381706-220D-09D3-7B6A-E16CA52F44A7}.Release|Win32.Build.0 = Release|x64
		{41A205D4-2214-E51D-3E11-993546955AE5}.Release|x64.ActiveCfg = Release|x64
		{41A205D4-2214-E51D-3E11-993546955AE5}.Release|x64.Build.0 = Release|x64
		{41A205D4-2214-E51D-3E11-993546955AE5}.Debug|Win32.ActiveCfg = Debug|x64
		{41A205D4-2214-E51D-3E11-993546955AE5}.Debug|Win32.Build.0 = Debug|x64
		{41A205D4-2214-E51D-3E11-993546955AE5}.Debug|x64.ActiveCfg = Debug|x64
		{41A205D4-2214-E51D-3E11-993546955AE5}.Debug|x64.Build.0 = Debug|x64
		{41A205D4-2214-E51D-3E11-993546955AE5}.Release|Win32.ActiveCfg = Release|x64
		{41A205D4-2214-E51D-3E11-993546955AE5}.Release|Win32.Build.0 = Release|x64
		{427FF7CE-E7DC-477C-5642-8A30922C917E}.Release|x64.ActiveCfg = Release|x64
		{427FF7CE-E7DC-477C-5642-8A30922C917E}.Release|x64.Build.0 = Release|x64
		{427FF7CE-E7DC-477C-5642-8A30922C917E}.Debug|Win32.ActiveCfg = Debug|Win32
		{427FF7CE-E7DC-477C-5642-8A30922C917E}.Debug|Win32.Build.0 = Debug|Win32
		{427FF7CE-E7DC-477C-5642-8A30922C917E}.Debug|x64.ActiveCfg = Debug|x64
		{427FF7CE-E7DC-477C-5642-8A30922C917E}.Debug|x64.Build.0 = Debug|x64
		{427FF7CE-E7DC-477C-5642-8A30922C917E}.Release|Win32.ActiveCfg = Release|Win32
		{427FF7CE-E7DC-477C-5642-8A30922C917E}.Release|Win32.Build.0 = Release|Win32
		{5B2DB89C-6B25-5782-7DCC-8554EA2B37E1}.Release|x64.ActiveCfg = Release|x64
		{5B2DB89C-6B25-5782-7DCC-8554EA2B37E1}.Release|x64.Build.0 = Release|x64
		{5B2DB89C-6B25-5782-7DCC-8554EA2B37E1}.Debug|Win32.ActiveCfg = Debug|Win32
		{5B2DB89C-6B25-5782-7DCC-8554EA2B37E1}.Debug|Win32.Build.0 = Debug|Win32
		{5B2DB89C-6B25-5782-7DCC-8554EA2B37E1}.Debug|x64.ActiveCfg = Debug|x64
		{5B2DB89C-6B25-5782-7DCC-8554EA2B37E1}.Debug|x64.Build.0 = Debug|x64
		{5B2DB89C-6B25-5782-7DCC-8554EA2B37E1}.Release|Win32.ActiveCfg = Release|Win32
		{5B2DB89C-6B25-5782-7DCC-8554EA2B37E1}.Release|Win32.Build.0 = Release|Win32
		{5DED9428-2303-500E-A380-BCBE22CC67D6}.Release|x64.ActiveCfg = Release|x64
		{5DED9428-2303-500E-A380-BCBE22CC67D6}.Release|x64.Build.0 = Release|x64
		{5DED9428-2303-500E-A380-BCBE22CC67D6}.Debug|Win32.ActiveCfg = Debug|Win32
		{5DED9428-2303-500E-A380-BCBE22CC67D6}.Debug|Win32.Build.0 = Debug|Win32
		{5DED9428-2303-500E-A380-BCBE22CC67D6}.Debug|x64.ActiveCfg = Debug|x64
		{5DED9428-2303-500E-A380-BCBE22CC67D6}.Debug|x64.Build.0 = Debug|x64
		{5DED9428-2303-500E-A380-BCBE22CC67D6}.Release|Win32.ActiveCfg = Release|Win32
		{5DED9428-2303-500E-A380-BCBE22CC67D6}.Release|Win32.Build.0 = Release|Win32
		{71D36910-3E62-AB88-6CA6-E76CD6EC0A14}.Release|x64.ActiveCfg = Release|x64
		{71D36910-3E62-AB88-6CA6-E76CD6EC0A14}.Release|x64.Build.0 = Release|x64
		{71D36910-3E62-AB88-6CA6-E76CD6EC0A14}.Debug|Win32.ActiveCfg = Debug|Win32
		{71D36910-3E62-AB88-6CA6-E76CD6EC0A14}.Debug|Win32.Build.0 = Debug|Win32
		{71D36910-3E62-AB88-6CA6-E76CD6EC0A14}.Debug|x64.ActiveCfg = Debug|x64
		{71D36910-3E62-AB88-6CA6-E76CD6EC0A14}.Debug|x64.Build.0 = Debug|x64
		{71D36910-3E62-AB88-6CA6-E76CD6EC0A14}.Release|Win32.ActiveCfg = Release|Win32
		{71D36910-3E62-AB88-6CA6-E76CD6EC0A14}.Release|Win32.Build.0 = Release|Win32
		{756A325A-7E5F-89A5-5A22-093E9DA5274D}.Release|x64.ActiveCfg = Release|x64
		{756A325A-7E5F-89A5-5A22-093E9DA5274D}.Release|x64.Build.0 = Release|x64
		{756A325A-7E5F-89A5-5A22-093E9DA5274D}.Debug|Win32.ActiveCfg = Debug|Win32
		{756A325A-7E5F-89A5-5A22-093E9DA5274D}.Debug|Win32.Build.0 = Debug|Win32
		{756A325A-7E5F-89A5-5A22-093E9DA5274D}.Debug|x64.ActiveCfg = Debug|x64
		{756A325A-7E5F-89A5-5A22-093E9DA5274D}.Debug|x64.Build.0 = Debug|x64
		{756A325A-7E5F-89A5-5A22-093E9DA5274D}.Release|Win32.ActiveCfg = Release|Win32
		{756A325A-7E5F-89A5-5A22-093E9DA5274D}.Release|Win32.Build.0 = Release|Win32
		{8F2D496F-4E2A-48B1-0D1C-6A83FF7C65A4}.Release|x64.ActiveCfg = Release|x64
		{8F2D496F-4E2A-48B1-0D1C-6A83FF7C65A4}.Release|x64.Build.0 = Release|x64
		{8F2D496F-4E2A-48B1-0D1C-6A83FF7C65A4}.Debug|Win32.ActiveCfg = Debug|Win32
		{8F2D496F-4E2A-48B1-0D1C-6A83FF7C65A4}.Debug|Win32.Build.0 = Debug|Win32
		{8F2D496F-4E2A-48B1-0D1C-6A83FF7C65A4}.Debug|x64.ActiveCfg = Debug|x64
		{8F2D496F-4E2A-48B1-0D1C-6A83FF7C65A4}.Debug|x64.Build.0 = Debug|x64
		{8F2D496F-4E2A-48B1-0D1C-6A83FF7C65A4}.Release|Win32.ActiveCfg = Release|Win32
		{8F2D496F-4E2A-48B1-0D1C-6A83FF7C65A4}.Release|Win32.Build.0 = Release|Win32
		{9CC0342A-8D18-2E10-C9CF-98126C3C322D}.Release|x64.ActiveCfg = Release|x64
		{9CC0342A-8D18-2E10-C9CF-98126C3C322D}.Release|x64.Build.0 = Release|x64
		{9CC0342A-8D18-2E10-C9CF-98126C3C322D}.Debug|Win32.ActiveCfg = Debug|Win32
		{9CC0342A-8D18-2E10-C9CF-98126C3C322D}.Debug|Win32.Build.0 = Debug|Win32
		{9CC0342A-8D18-2E10-C9CF-98126C3C322D}.Debug|x64.ActiveCfg = Debug|x64
		{9CC0342A-8D18-2E10-C9CF-98126C3C322D}.Debug|x64.Build.0 = Debug|x64
		{9CC0342A-8D18-2E10-C9CF-98126C3C322D}.Release|Win32.ActiveCfg = Release|Win32
		{9CC0342A-8D18-2E10-C9CF-98126C3C322D}.Release|Win32.Build.0 = Release|Win32
		{A20D54BB-66E6-1EBA-AA9E-DEE774DEC16E}.Release|x64.ActiveCfg = Release|x64
		{A20D54BB-66E6-1EBA-AA9E-DEE774DEC16E}.Release|x64.Build.0 = Release|x64
		{A20D54BB-66E6-1EBA-AA9E-DEE774DEC16E}.Debug|Win32.ActiveCfg = Debug|Win32
		{A20D54BB-66E6-1EBA-AA9E-DEE774DEC16E}.Debug|Win32.Build.0 = Debug|Win32
		{A20D54BB-66E6-1EBA-AA9E-DEE774DEC16E}.Debug|x64.ActiveCfg = Debug|x64
		{A20D54BB-66E6-1EBA-AA9E-DEE774DEC16E}.Debug|x64.Build.0 = Debug|x64
		{A20D54BB-66E6-1EBA-AA9E-DEE774DEC16E}.Release|Win32.ActiveCfg = Release|Win32
		{A20D54BB-66E6-1EBA-AA9E-DEE774DEC16E}.Release|Win32.Build.0 = Release|Win32
		{A5B2BC70-B3D5-2512-2BD4-5E2E2AFBF3B6}.Release|x64.ActiveCfg = Release|x64
		{A5B2BC70-B3D5-2512-2BD4-5E2E2AFBF3B6}.Release|x64.Build.0 = Release|x64
		{A5B2BC70-B3D5-2512-2BD4-5E2E2AFBF3B6}.Debug|Win32.ActiveCfg = Debug|Win32
		{A5B2BC70-B3D5-2512-2BD4-5E2E2AFBF3B6}.Debug|Win32.Build.0 = Debug|Win32
		{A5B2BC70-B3D5-2512-2BD4-5E2E2AFBF3B6}.Debug|x64.ActiveCfg = Debug|x64
		{A5B2BC70-B3D5-2512-2BD4-5E2E2AFBF3B6}.Debug|x64.Build.0 = Debug|x64
		{A5B2BC70-B3D5-2512-2BD4-5E2E2AFBF3B6}.Release|Win32.ActiveCfg = Release|Win32
		{A5B2BC70-B3D5-2512-2BD4-5E2E2AFBF3B6}.Release|Win32.Build.0 = Release|Win32
		{A6126C3E-5926-CE2B-AD85-F669B4D01EDC}.Release|x64.ActiveCfg = Release|x64
		{A6126C3E-5926-CE2B-AD85-F669B4D01EDC}.Release|x64.Build.0 = Release|x64
		{A6126C3E-5926-CE2B-AD85-F669B4D01EDC}.Debug|Win32.ActiveCfg = Debug|x64
		{A6126C3E-5926-CE2B-AD85-F669B4D01EDC}.Debug|Win32.Build.0 = Debug|x64
		{A6126C3E-5926-CE2B-AD85-F669B4D01EDC}.Debug|x64.ActiveCfg = Debug|x64
		{A6126C3E-5926-CE2B-AD85-F669B4D01EDC}.Debug|x64.Build.0 = Debug|x64
		{A6126C3E-5926-CE2B-AD85-F669B4D01EDC}.Release|Win32.ActiveCfg = Release|x64
		{A6126C3E-5926-CE2B-AD85-F669B4D01EDC}.Release|Win32.Build.0 = Release|x64
		{AC55DACE-7935-28F5-65BB-C805000BE6D1}.Release|x64.ActiveCfg = Release|x64
		{AC55DACE-7935-28F5-65BB-C805000BE6D1}.Release|x64.Build.0 = Release|x64
		{AC55DACE-7935-28F5-65BB-C805000BE6D1}.Debug|Win32.ActiveCfg = Debug|Win32
		{AC55DACE-7935-28F5-65BB-C805000BE6D1}.Debug|Win32.Build.0 = Debug|Win32
		{AC55DACE-7935-28F5-65BB-C805000BE6D1}.Debug|x64.ActiveCfg = Debug|x64
		{AC55DACE-7935-28F5-65BB-C805000BE6D1}.Debug|x64.Build.0 = Debug|x64
		{AC55DACE-7935-28F5-65BB-C805000BE6D1}.Release|Win32.ActiveCfg = Release|Win32
		{AC55DACE-7935-28F5-65BB-C805000BE6D1}.Release|Win32.Build.0 = Release|Win32
		{B3B292FD-B455-0EBA-F4E7-D41F1F5E8E15}.Release|x64.ActiveCfg = Release|x64
		{B3B292FD-B455-0EBA-F4E7-D41F1F5E8E15}.Release|x64.Build.0 = Release|x64
		{B3B292FD-B455-0EBA-F4E7-D41F1F5E8E15}.Debug|Win32.ActiveCfg = Debug|Win32
		{B3B292FD-B455-0EBA-F4E7-D41F1F5E8E15}.Debug|Win32.Build.0 = Debug|Win32
		{B3B292FD-B455-0EBA-F4E7-D41F1F5E8E15}.Debug|x64.ActiveCfg = Debug|x64
		{B3B292FD-B455-0EBA-F4E7-D41F1F5E8E15}.Debug|x64.Build.0 = Debug|x64
		{B3B292FD-B455-0EBA-F4E7-D41F1F5E8E15}.Release|Win32.ActiveCfg = Release|Win32
		{B3B292FD-B455-0EBA-F4E7-D41F1F5E8E15}.Release|Win32.Build.0 = Release|Win32
		{B809330E-CE95-CAC3-1CB3-B7ED24F872DA}.Release|x64.ActiveCfg = Release|x64
		{B809330E-CE95-CAC3-1CB3-B7ED24F872DA}.Release|x64.Build.0 = Release|x64
		{B809330E-CE95-CAC3-1CB3-B7ED24F872DA}.Debug|Win32.ActiveCfg = Debug|Win32
		{B809330E-CE95-CAC3-1CB3-B7ED24F872DA}.Debug|Win32.Build.0 = Debug|Win32
		{B809330E-CE95-CAC3-1CB3-B7ED24F872DA}.Debug|x64.ActiveCfg = Debug|x64
		{B809330E-CE95-CAC3-1CB3-B7ED24F872DA}.Debug|x64.Build.0 = Debug|x64
		{B809330E-CE95-CAC3-1CB3-B7ED24F872DA}.Release|Win32.ActiveCfg = Release|Win32
		{B809330E-CE95-CAC3-1CB3-B7ED24F872DA}.Release|Win32.Build.0 = Release|Win32
		{C9F0A67F-7969-AABA-2AD1-DEAD714E0086}.Release|x64.ActiveCfg = Release|x64
		{C9F0A67F-7969-AABA-2AD1-DEAD714E0086}.Release|x64.Build.0 = Release|x64
		{C9F0A67F-7969-AABA-2AD1-DEAD714E0086}.Debug|Win32.ActiveCfg = Debug|Win32
		{C9F0A67F-7969-AABA-2AD1-DEAD714E0086}.Debug|Win32.Build.0 = Debug|Win32
		{C9F0A67F-7969-AABA-2AD1-DEAD714E0086}.Debug|x64.ActiveCfg = Debug|x64
		{C9F0A67F-7969-AABA-2AD1-DEAD714E0086}.Debug|x64.Build.0 = Debug|x64
		{C9F0A67F-7969-AABA-2AD1-DEAD714E0086}.Release|Win32.ActiveCfg = Release|Win32
		{C9F0A67F-7969-AABA-2AD1-DEAD714E0086}.Release|Win32.Build.0 = Release|Win32
		{D9488C31-2113-A98A-C4C6-2828EDFC39AD}.Release|x64.ActiveCfg = Release|x64
		{D9488C31-2113-A98A-C4C6-2828EDFC39AD}.Release|x64.Build.0 = Release|x64
		{D9488C31-2113-A98A-C4C6-2828EDFC39AD}.Debug|Win32.ActiveCfg = Debug|Win32
		{D9488C31-2113-A98A-C4C6-2828EDFC39AD}.Debug|Win32.Build.0 = Debug|Win32
		{D9488C31-2113-A98A-C4C6-2828EDFC39AD}.Debug|x64.ActiveCfg = Debug|x64
		{D9488C31-2113-A98A-C4C6-2828EDFC39AD}.Debug|x64.Build.0 = Debug|x64
		{D9488C31-2113-A98A-C4C6-2828EDFC39AD}.Release|Win32.ActiveCfg = Release|Win32
		{D9488C31-2113-A98A-C4C6-2828EDFC39AD}.Release|Win32.Build.0 = Release|Win32
		{E89D819C-4AE7-5E83-55D5-53A9A91D06D2}.Release|x64.ActiveCfg = Release|x64
		{E89D819C-4AE7-5E83-55D5-53A9A91D06D2}.Release|x64.Build.0 = Release|x64
		{E89D819C-4AE7-5E83-55D5-53A9A91D06D2}.Debug|Win32.ActiveCfg = Debug|Win32
		{E89D819C-4AE7-5E83-55D5-53A9A91D06D2}.Debug|Win32.Build.0 = Debug|Win32
		{E89D819C-4AE7-5E83-55D5-53A9A91D06D2}.Debug|x64.ActiveCfg = Debug|x64
		{E89D819C-4AE7-5E83-55D5-53A9A91D06D2}.Debug|x64.Build.0 = Debug|x64
		{E89D819C-4AE7-5E83-55D5-53A9A91D06D2}.Release|Win32.ActiveCfg = Release|Win32
		{E89D819C-4AE7-5E83-55D5-53A9A91D06D2}.Release|Win32.Build.0 = Release|Win32
		{F91F123A-C2BE-F416-AFC0-059ABF7CFAD1}.Release|x64.ActiveCfg = Release|x64
		{F91F123A-C2BE-F416-AFC0-059ABF7CFAD1}.Release|x64.Build.0 = Release|x64
		{F91F123A-C2BE-F416-AFC0-059ABF7CFAD1}.Debug|Win32.ActiveCfg = Debug|x64
		{F91F123A-C2BE-F416-AFC0-059ABF7CFAD1}.Debug|Win32.Build.0 = Debug|x64
		{F91F123A-C2BE-F416-AFC0-059ABF7CFAD1}.Debug|x64.ActiveCfg = Debug|x64
		{F91F123A-C2BE-F416-AFC0-059ABF7CFAD1}.Debug|x64.Build.0 = Debug|x64
		{F91F123A-C2BE-F416-AFC0-059ABF7CFAD1}.Release|Win32.ActiveCfg = Release|x64
		{F91F123A-C2BE-F416-AFC0-059ABF7CFAD1}.Release|Win32.Build.0 = Release|x64
		{FBB5FD74-5FB0-E1D4-5EBC-86F9030793B4}.Release|x64.ActiveCfg = Release|x64
		{FBB5FD74-5FB0-E1D4-5EBC-86F9030793B4}.Release|x64.Build.0 = Release|x64
		{FBB5FD74-5FB0-E1D4-5EBC-86F9030793B4}.Debug|Win32.ActiveCfg = Debug|x64
		{FBB5FD74-5FB0-E1D4-5EBC-86F9030793B4}.Debug|Win32.Build.0 = Debug|x64
		{FBB5FD74-5FB0-E1D4-5EBC-86F9030793B4}.Debug|x64.ActiveCfg = Debug|x64
		{FBB5FD74-5FB0-E1D4-5EBC-86F9030793B4}.Debug|x64.Build.0 = Debug|x64
		{FBB5FD74-5FB0-E1D4-5EBC-86F9030793B4}.Release|Win32.ActiveCfg = Release|x64
		{FBB5FD74-5FB0-E1D4-5EBC-86F9030793B4}.Release|Win32.Build.0 = Release|x64
		{FDBC9E25-33EC-DF9A-765B-C92E65F5B0ED}.Release|x64.ActiveCfg = Release|x64
		{FDBC9E25-33EC-DF9A-765B-C92E65F5B0ED}.Release|x64.Build.0 = Release|x64
		{FDBC9E25-33EC-DF9A-765B-C92E65F5B0ED}.Debug|Win32.ActiveCfg = Debug|Win32
		{FDBC9E25-33EC-DF9A-765B-C92E65F5B0ED}.Debug|Win32.Build.0 = Debug|Win32
		{FDBC9E25-33EC-DF9A-765B-C92E65F5B0ED}.Debug|x64.ActiveCfg = Debug|x64
		{FDBC9E25-33EC-DF9A-765B-C92E65F5B0ED}.Debug|x64.Build.0 = Debug|x64
		{FDBC9E25-33EC-DF9A-765B-C92E65F5B0ED}.Release|Win32.ActiveCfg = Release|Win32
		{FDBC9E25-33EC-DF9A-765B-C92E65F5B0ED}.Release|Win32.Build.0 = Release|Win32
		{FEFC50B3-AEEA-F1F1-E937-94135E7E7F24}.Release|x64.ActiveCfg = Release|x64
		{FEFC50B3-AEEA-F1F1-E937-94135E7E7F24}.Release|x64.Build.0 = Release|x64
		{FEFC50B3-AEEA-F1F1-E937-94135E7E7F24}.Debug|Win32.ActiveCfg = Debug|Win32
		{FEFC50B3-AEEA-F1F1-E937-94135E7E7F24}.Debug|Win32.Build.0 = Debug|Win32
		{FEFC50B3-AEEA-F1F1-E937-94135E7E7F24}.Debug|x64.ActiveCfg = Debug|x64
		{FEFC50B3-AEEA-F1F1-E937-94135E7E7F24}.Debug|x64.Build.0 = Debug|x64
		{FEFC50B3-AEEA-F1F1-E937-94135E7E7F24}.Release|Win32.ActiveCfg = Release|Win32
		{FEFC50B3-AEEA-F1F1-E937-94135E7E7F24}.Release|Win32.Build.0 = Release|Win32
		{FFD4398A-5114-894B-0CA0-E935511FC0CD}.Release|x64.ActiveCfg = Release|x64
		{FFD4398A-5114-894B-0CA0-E935511FC0CD}.Release|x64.Build.0 = Release|x64
		{FFD4398A-5114-894B-0CA0-E935511FC0CD}.Debug|Win32.ActiveCfg = Debug|Win32
		{FFD4398A-5114-894B-0CA0-E935511FC0CD}.Debug|Win32.Build.0 = Debug|Win32
		{FFD4398A-5114-894B-0CA0-E935511FC0CD}.Debug|x64.ActiveCfg = Debug|x64
		{FFD4398A-5114-894B-0CA0-E935511FC0CD}.Debug|x64.Build.0 = Debug|x64
		{FFD4398A-5114-894B-0CA0-E935511FC0CD}.Release|Win32.ActiveCfg = Release|Win32
		{FFD4398A-5114-894B-0CA0-E935511FC0CD}.Release|Win32.Build.0 = Release|Win32
	EndGlobalSection
	GlobalSection(SolutionProperties) = preSolution
		HideSolutionNode = FALSE
	EndGlobalSection
	GlobalSection(NestedProjects) = preSolution
		{B809330E-CE95-CAC3-1CB3-B7ED24F872DA} = {6478B9F3-4858-63F4-35F4-98A303E305F3}
		{35381706-220D-09D3-7B6A-E16CA52F44A7} = {6478B9F3-4858-63F4-35F4-98A303E305F3}
		{6478B9F3-4858-63F4-35F4-98A303E305F3} = {9785FB75-982A-5DE3-252D-3F288B9FEF5B}
		{3E7FA5AF-27B3-2DE0-883C-12F98E7F4E81} = {9785FB75-982A-5DE3-252D-3F288B9FEF5B}
		{E89D819C-4AE7-5E83-55D5-53A9A91D06D2} = {9785FB75-982A-5DE3-252D-3F288B9FEF5B}
		{D9488C31-2113-A98A-C4C6-2828EDFC39AD} = {9785FB75-982A-5DE3-252D-3F288B9FEF5B}
		{9CC0342A-8D18-2E10-C9CF-98126C3C322D} = {9785FB75-982A-5DE3-252D-3F288B9FEF5B}
		{A6126C3E-5926-CE2B-AD85-F669B4D01EDC} = {9785FB75-982A-5DE3-252D-3F288B9FEF5B}
		{036C90B3-1F33-B785-2350-036E2A1E5FD7} = {9785FB75-982A-5DE3-252D-3F288B9FEF5B}
		{5DED9428-2303-500E-A380-BCBE22CC67D6} = {9785FB75-982A-5DE3-252D-3F288B9FEF5B}
		{AC55DACE-7935-28F5-65BB-C805000BE6D1} = {9785FB75-982A-5DE3-252D-3F288B9FEF5B}
		{427FF7CE-E7DC-477C-5642-8A30922C917E} = {EF1E4970-C119-B0D7-F5D6-321C6AE66EDC}
		{FBB5FD74-5FB0-E1D4-5EBC-86F9030793B4} = {EF1E4970-C119-B0D7-F5D6-321C6AE66EDC}
		{B3B292FD-B455-0EBA-F4E7-D41F1F5E8E15} = {2DE59335-96CE-10CA-CDE5-FEC35E3549BB}
		{08B0ACC4-A9A9-1795-58DF-56ADD0673C1A} = {2DE59335-96CE-10CA-CDE5-FEC35E3549BB}
		{A5B2BC70-B3D5-2512-2BD4-5E2E2AFBF3B6} = {2DE59335-96CE-10CA-CDE5-FEC35E3549BB}
		{FFD4398A-5114-894B-0CA0-E935511FC0CD} = {6E739A16-1324-5F4E-B3DD-D8BBDA9938E5}
		{5B2DB89C-6B25-5782-7DCC-8554EA2B37E1} = {6E739A16-1324-5F4E-B3DD-D8BBDA9938E5}
		{756A325A-7E5F-89A5-5A22-093E9DA5274D} = {6E739A16-1324-5F4E-B3DD-D8BBDA9938E5}
		{F91F123A-C2BE-F416-AFC0-059ABF7CFAD1} = {6E739A16-1324-5F4E-B3DD-D8BBDA9938E5}
		{FEFC50B3-AEEA-F1F1-E937-94135E7E7F24} = {6E739A16-1324-5F4E-B3DD-D8BBDA9938E5}
		{0E259FD7-99FA-B07F-10E4-49A0F35BEF50} = {3DC53144-5334-1B74-C233-23BEE3D8EABD}
		{41A205D4-2214-E51D-3E11-993546955AE5} = {3DC53144-5334-1B74-C233-23BEE3D8EABD}
		{8F2D496F-4E2A-48B1-0D1C-6A83FF7C65A4} = {EAC80D00-01D2-3F49-A377-20B7154947F3}
		{FDBC9E25-33EC-DF9A-765B-C92E65F5B0ED} = {EAC80D00-01D2-3F49-A377-20B7154947F3}
		{A20D54BB-66E6-1EBA-AA9E-DEE774DEC16E} = {EAC80D00-01D2-3F49-A377-20B7154947F3}
		{EF1E4970-C119-B0D7-F5D6-321C6AE66EDC} = {3E7FA5AF-27B3-2DE0-883C-12F98E7F4E81}
		{2DE59335-96CE-10CA-CDE5-FEC35E3549BB} = {89C816A7-DD31-D54C-C69C-5A80E0C49B77}
		{3DC53144-5334-1B74-C233-23BEE3D8EABD} = {89C816A7-DD31-D54C-C69C-5A80E0C49B77}
		{C9F0A67F-7969-AABA-2AD1-DEAD714E0086} = {89C816A7-DD31-D54C-C69C-5A80E0C49B77}
		{71D36910-3E62-AB88-6CA6-E76CD6EC0A14} = {89C816A7-DD31-D54C-C69C-5A80E0C49B77}
	EndGlobalSection
EndGlobal
