Microsoft Visual Studio Solution File, Format Version 11.00
# Visual Studio 2010
Project("{2150E333-8FDC-42A3-9474-1A3956D46DE8}") = "(base)", "..\..\..\base", "{9785FB75-982A-5DE3-252D-3F288B9FEF5B}"
EndProject
Project("{2150E333-8FDC-42A3-9474-1A3956D46DE8}") = "(command_buffer)", "..\..\..\gpu\command_buffer", "{1670CB0B-8AB5-66D9-D715-D2DC1A1CB97F}"
EndProject
Project("{2150E333-8FDC-42A3-9474-1A3956D46DE8}") = "(gpu)", "..\..\..\gpu", "{C2E276B7-2737-A889-723C-CE2956B80FB7}"
EndProject
Project("{2150E333-8FDC-42A3-9474-1A3956D46DE8}") = "(khronos)", "..\..\..\third_party\khronos", "{7522960F-C97E-E7C9-38F2-1B74A395F476}"
EndProject
Project("{2150E333-8FDC-42A3-9474-1A3956D46DE8}") = "(native_client)", "..\..\..\native_client", "{829C43DA-1372-614D-F044-340432AECC41}"
EndProject
Project("{2150E333-8FDC-42A3-9474-1A3956D46DE8}") = "(third_party)", "..\..\..\third_party", "{89C816A7-DD31-D54C-C69C-5A80E0C49B77}"
EndProject
Project("{8BC9CEB8-8B4A-11D0-8D11-00A0C91BC942}") = "base_untrusted", "..\..\base\base_untrusted.vcxproj", "{862CD066-8188-F90F-E909-BEE3F32212A3}"
EndProject
Project("{8BC9CEB8-8B4A-11D0-8D11-00A0C91BC942}") = "crt_fini_32", "..\..\native_client\crt_fini_32.vcxproj", "{9B416E2D-36FC-7C2B-7124-0C85C7521453}"
EndProject
Project("{8BC9CEB8-8B4A-11D0-8D11-00A0C91BC942}") = "crt_fini_64", "..\..\native_client\crt_fini_64.vcxproj", "{D4F0F1D5-4CCD-0619-C12A-68E5FE982AC0}"
EndProject
Project("{8BC9CEB8-8B4A-11D0-8D11-00A0C91BC942}") = "crt_init_32", "..\..\native_client\crt_init_32.vcxproj", "{0C7E5210-14A0-826E-702D-4283D8A6E07D}"
EndProject
Project("{8BC9CEB8-8B4A-11D0-8D11-00A0C91BC942}") = "crt_init_64", "..\..\native_client\crt_init_64.vcxproj", "{07BBC3E3-C7B3-564F-F5C6-EB9A492F8BAA}"
EndProject
Project("{8BC9CEB8-8B4A-11D0-8D11-00A0C91BC942}") = "gles2_utils_untrusted", "gles2_utils_untrusted.vcxproj", "{DEFBBEF1-DD93-77B7-920C-1F9300B9FC43}"
EndProject
Project("{8BC9CEB8-8B4A-11D0-8D11-00A0C91BC942}") = "khronos_headers", "..\..\third_party\khronos\khronos_headers.vcxproj", "{105A76EC-4448-B68E-4597-2D73E9514A00}"
EndProject
Project("{8BC9CEB8-8B4A-11D0-8D11-00A0C91BC942}") = "prep_nacl_sdk", "..\..\native_client\prep_nacl_sdk.vcxproj", "{CFB00F90-A5EA-CD0C-2FB0-2EDA71BE7152}"
EndProject
Project("{8BC9CEB8-8B4A-11D0-8D11-00A0C91BC942}") = "prep_toolchain", "..\..\native_client\prep_toolchain.vcxproj", "{AEC459BC-7719-C084-A374-801A031C920A}"
EndProject
Project("{8BC9CEB8-8B4A-11D0-8D11-00A0C91BC942}") = "untar_toolchains", "..\..\native_client\untar_toolchains.vcxproj", "{D41AAECB-7C1B-E0E8-A7EF-39C2F5CF6BA6}"
EndProject
Global
	GlobalSection(SolutionConfigurationPlatforms) = preSolution
		Release|x64 = Release|x64
		Debug|Win32 = Debug|Win32
		Debug|x64 = Debug|x64
		Release|Win32 = Release|Win32
	EndGlobalSection
	GlobalSection(ProjectConfigurationPlatforms) = postSolution
		{07BBC3E3-C7B3-564F-F5C6-EB9A492F8BAA}.Release|x64.ActiveCfg = Release|x64
		{07BBC3E3-C7B3-564F-F5C6-EB9A492F8BAA}.Release|x64.Build.0 = Release|x64
		{07BBC3E3-C7B3-564F-F5C6-EB9A492F8BAA}.Debug|Win32.ActiveCfg = Debug|Win32
		{07BBC3E3-C7B3-564F-F5C6-EB9A492F8BAA}.Debug|Win32.Build.0 = Debug|Win32
		{07BBC3E3-C7B3-564F-F5C6-EB9A492F8BAA}.Debug|x64.ActiveCfg = Debug|x64
		{07BBC3E3-C7B3-564F-F5C6-EB9A492F8BAA}.Debug|x64.Build.0 = Debug|x64
		{07BBC3E3-C7B3-564F-F5C6-EB9A492F8BAA}.Release|Win32.ActiveCfg = Release|Win32
		{07BBC3E3-C7B3-564F-F5C6-EB9A492F8BAA}.Release|Win32.Build.0 = Release|Win32
		{0C7E5210-14A0-826E-702D-4283D8A6E07D}.Release|x64.ActiveCfg = Release|x64
		{0C7E5210-14A0-826E-702D-4283D8A6E07D}.Release|x64.Build.0 = Release|x64
		{0C7E5210-14A0-826E-702D-4283D8A6E07D}.Debug|Win32.ActiveCfg = Debug|Win32
		{0C7E5210-14A0-826E-702D-4283D8A6E07D}.Debug|Win32.Build.0 = Debug|Win32
		{0C7E5210-14A0-826E-702D-4283D8A6E07D}.Debug|x64.ActiveCfg = Debug|x64
		{0C7E5210-14A0-826E-702D-4283D8A6E07D}.Debug|x64.Build.0 = Debug|x64
		{0C7E5210-14A0-826E-702D-4283D8A6E07D}.Release|Win32.ActiveCfg = Release|Win32
		{0C7E5210-14A0-826E-702D-4283D8A6E07D}.Release|Win32.Build.0 = Release|Win32
		{105A76EC-4448-B68E-4597-2D73E9514A00}.Release|x64.ActiveCfg = Release|x64
		{105A76EC-4448-B68E-4597-2D73E9514A00}.Release|x64.Build.0 = Release|x64
		{105A76EC-4448-B68E-4597-2D73E9514A00}.Debug|Win32.ActiveCfg = Debug|Win32
		{105A76EC-4448-B68E-4597-2D73E9514A00}.Debug|Win32.Build.0 = Debug|Win32
		{105A76EC-4448-B68E-4597-2D73E9514A00}.Debug|x64.ActiveCfg = Debug|x64
		{105A76EC-4448-B68E-4597-2D73E9514A00}.Debug|x64.Build.0 = Debug|x64
		{105A76EC-4448-B68E-4597-2D73E9514A00}.Release|Win32.ActiveCfg = Release|Win32
		{105A76EC-4448-B68E-4597-2D73E9514A00}.Release|Win32.Build.0 = Release|Win32
		{862CD066-8188-F90F-E909-BEE3F32212A3}.Release|x64.ActiveCfg = Release|x64
		{862CD066-8188-F90F-E909-BEE3F32212A3}.Release|x64.Build.0 = Release|x64
		{862CD066-8188-F90F-E909-BEE3F32212A3}.Debug|Win32.ActiveCfg = Debug|Win32
		{862CD066-8188-F90F-E909-BEE3F32212A3}.Debug|Win32.Build.0 = Debug|Win32
		{862CD066-8188-F90F-E909-BEE3F32212A3}.Debug|x64.ActiveCfg = Debug|x64
		{862CD066-8188-F90F-E909-BEE3F32212A3}.Debug|x64.Build.0 = Debug|x64
		{862CD066-8188-F90F-E909-BEE3F32212A3}.Release|Win32.ActiveCfg = Release|Win32
		{862CD066-8188-F90F-E909-BEE3F32212A3}.Release|Win32.Build.0 = Release|Win32
		{9B416E2D-36FC-7C2B-7124-0C85C7521453}.Release|x64.ActiveCfg = Release|x64
		{9B416E2D-36FC-7C2B-7124-0C85C7521453}.Release|x64.Build.0 = Release|x64
		{9B416E2D-36FC-7C2B-7124-0C85C7521453}.Debug|Win32.ActiveCfg = Debug|Win32
		{9B416E2D-36FC-7C2B-7124-0C85C7521453}.Debug|Win32.Build.0 = Debug|Win32
		{9B416E2D-36FC-7C2B-7124-0C85C7521453}.Debug|x64.ActiveCfg = Debug|x64
		{9B416E2D-36FC-7C2B-7124-0C85C7521453}.Debug|x64.Build.0 = Debug|x64
		{9B416E2D-36FC-7C2B-7124-0C85C7521453}.Release|Win32.ActiveCfg = Release|Win32
		{9B416E2D-36FC-7C2B-7124-0C85C7521453}.Release|Win32.Build.0 = Release|Win32
		{AEC459BC-7719-C084-A374-801A031C920A}.Release|x64.ActiveCfg = Release|x64
		{AEC459BC-7719-C084-A374-801A031C920A}.Release|x64.Build.0 = Release|x64
		{AEC459BC-7719-C084-A374-801A031C920A}.Debug|Win32.ActiveCfg = Debug|Win32
		{AEC459BC-7719-C084-A374-801A031C920A}.Debug|Win32.Build.0 = Debug|Win32
		{AEC459BC-7719-C084-A374-801A031C920A}.Debug|x64.ActiveCfg = Debug|x64
		{AEC459BC-7719-C084-A374-801A031C920A}.Debug|x64.Build.0 = Debug|x64
		{AEC459BC-7719-C084-A374-801A031C920A}.Release|Win32.ActiveCfg = Release|Win32
		{AEC459BC-7719-C084-A374-801A031C920A}.Release|Win32.Build.0 = Release|Win32
		{CFB00F90-A5EA-CD0C-2FB0-2EDA71BE7152}.Release|x64.ActiveCfg = Release|x64
		{CFB00F90-A5EA-CD0C-2FB0-2EDA71BE7152}.Release|x64.Build.0 = Release|x64
		{CFB00F90-A5EA-CD0C-2FB0-2EDA71BE7152}.Debug|Win32.ActiveCfg = Debug|Win32
		{CFB00F90-A5EA-CD0C-2FB0-2EDA71BE7152}.Debug|Win32.Build.0 = Debug|Win32
		{CFB00F90-A5EA-CD0C-2FB0-2EDA71BE7152}.Debug|x64.ActiveCfg = Debug|x64
		{CFB00F90-A5EA-CD0C-2FB0-2EDA71BE7152}.Debug|x64.Build.0 = Debug|x64
		{CFB00F90-A5EA-CD0C-2FB0-2EDA71BE7152}.Release|Win32.ActiveCfg = Release|Win32
		{CFB00F90-A5EA-CD0C-2FB0-2EDA71BE7152}.Release|Win32.Build.0 = Release|Win32
		{D41AAECB-7C1B-E0E8-A7EF-39C2F5CF6BA6}.Release|x64.ActiveCfg = Release|x64
		{D41AAECB-7C1B-E0E8-A7EF-39C2F5CF6BA6}.Release|x64.Build.0 = Release|x64
		{D41AAECB-7C1B-E0E8-A7EF-39C2F5CF6BA6}.Debug|Win32.ActiveCfg = Debug|Win32
		{D41AAECB-7C1B-E0E8-A7EF-39C2F5CF6BA6}.Debug|Win32.Build.0 = Debug|Win32
		{D41AAECB-7C1B-E0E8-A7EF-39C2F5CF6BA6}.Debug|x64.ActiveCfg = Debug|x64
		{D41AAECB-7C1B-E0E8-A7EF-39C2F5CF6BA6}.Debug|x64.Build.0 = Debug|x64
		{D41AAECB-7C1B-E0E8-A7EF-39C2F5CF6BA6}.Release|Win32.ActiveCfg = Release|Win32
		{D41AAECB-7C1B-E0E8-A7EF-39C2F5CF6BA6}.Release|Win32.Build.0 = Release|Win32
		{D4F0F1D5-4CCD-0619-C12A-68E5FE982AC0}.Release|x64.ActiveCfg = Release|x64
		{D4F0F1D5-4CCD-0619-C12A-68E5FE982AC0}.Release|x64.Build.0 = Release|x64
		{D4F0F1D5-4CCD-0619-C12A-68E5FE982AC0}.Debug|Win32.ActiveCfg = Debug|Win32
		{D4F0F1D5-4CCD-0619-C12A-68E5FE982AC0}.Debug|Win32.Build.0 = Debug|Win32
		{D4F0F1D5-4CCD-0619-C12A-68E5FE982AC0}.Debug|x64.ActiveCfg = Debug|x64
		{D4F0F1D5-4CCD-0619-C12A-68E5FE982AC0}.Debug|x64.Build.0 = Debug|x64
		{D4F0F1D5-4CCD-0619-C12A-68E5FE982AC0}.Release|Win32.ActiveCfg = Release|Win32
		{D4F0F1D5-4CCD-0619-C12A-68E5FE982AC0}.Release|Win32.Build.0 = Release|Win32
		{DEFBBEF1-DD93-77B7-920C-1F9300B9FC43}.Release|x64.ActiveCfg = Release|x64
		{DEFBBEF1-DD93-77B7-920C-1F9300B9FC43}.Release|x64.Build.0 = Release|x64
		{DEFBBEF1-DD93-77B7-920C-1F9300B9FC43}.Debug|Win32.ActiveCfg = Debug|Win32
		{DEFBBEF1-DD93-77B7-920C-1F9300B9FC43}.Debug|Win32.Build.0 = Debug|Win32
		{DEFBBEF1-DD93-77B7-920C-1F9300B9FC43}.Debug|x64.ActiveCfg = Debug|x64
		{DEFBBEF1-DD93-77B7-920C-1F9300B9FC43}.Debug|x64.Build.0 = Debug|x64
		{DEFBBEF1-DD93-77B7-920C-1F9300B9FC43}.Release|Win32.ActiveCfg = Release|Win32
		{DEFBBEF1-DD93-77B7-920C-1F9300B9FC43}.Release|Win32.Build.0 = Release|Win32
	EndGlobalSection
	GlobalSection(SolutionProperties) = preSolution
		HideSolutionNode = FALSE
	EndGlobalSection
	GlobalSection(NestedProjects) = preSolution
		{862CD066-8188-F90F-E909-BEE3F32212A3} = {9785FB75-982A-5DE3-252D-3F288B9FEF5B}
		{DEFBBEF1-DD93-77B7-920C-1F9300B9FC43} = {1670CB0B-8AB5-66D9-D715-D2DC1A1CB97F}
		{1670CB0B-8AB5-66D9-D715-D2DC1A1CB97F} = {C2E276B7-2737-A889-723C-CE2956B80FB7}
		{105A76EC-4448-B68E-4597-2D73E9514A00} = {7522960F-C97E-E7C9-38F2-1B74A395F476}
		{9B416E2D-36FC-7C2B-7124-0C85C7521453} = {829C43DA-1372-614D-F044-340432AECC41}
		{D4F0F1D5-4CCD-0619-C12A-68E5FE982AC0} = {829C43DA-1372-614D-F044-340432AECC41}
		{0C7E5210-14A0-826E-702D-4283D8A6E07D} = {829C43DA-1372-614D-F044-340432AECC41}
		{07BBC3E3-C7B3-564F-F5C6-EB9A492F8BAA} = {829C43DA-1372-614D-F044-340432AECC41}
		{CFB00F90-A5EA-CD0C-2FB0-2EDA71BE7152} = {829C43DA-1372-614D-F044-340432AECC41}
		{AEC459BC-7719-C084-A374-801A031C920A} = {829C43DA-1372-614D-F044-340432AECC41}
		{D41AAECB-7C1B-E0E8-A7EF-39C2F5CF6BA6} = {829C43DA-1372-614D-F044-340432AECC41}
		{7522960F-C97E-E7C9-38F2-1B74A395F476} = {89C816A7-DD31-D54C-C69C-5A80E0C49B77}
	EndGlobalSection
EndGlobal
