<?xml version="1.0" encoding="utf-8"?>
<Project ToolsVersion="4.0" xmlns="http://schemas.microsoft.com/developer/msbuild/2003">
  <ItemGroup>
    <Filter Include="common">
      <UniqueIdentifier>{2F5FD094-EF52-77F7-7AA8-4327A01BF747}</UniqueIdentifier>
    </Filter>
    <Filter Include="common">
      <UniqueIdentifier>{2F5FD094-EF52-77F7-7AA8-4327A01BF747}</UniqueIdentifier>
    </Filter>
    <Filter Include="common">
      <UniqueIdentifier>{2F5FD094-EF52-77F7-7AA8-4327A01BF747}</UniqueIdentifier>
    </Filter>
    <Filter Include="common">
      <UniqueIdentifier>{2F5FD094-EF52-77F7-7AA8-4327A01BF747}</UniqueIdentifier>
    </Filter>
    <Filter Include="..">
      <UniqueIdentifier>{739DB09A-CC57-A953-A6CF-F64FA08E4FA7}</UniqueIdentifier>
    </Filter>
    <Filter Include="..\..">
      <UniqueIdentifier>{739DB09A-CC57-A953-A6CF-F64FA08E4FA7}</UniqueIdentifier>
    </Filter>
    <Filter Include="..\..\native_client">
      <UniqueIdentifier>{A9537671-E7FD-2F0E-DE29-6155260B6944}</UniqueIdentifier>
    </Filter>
    <Filter Include="..\..\native_client\build">
      <UniqueIdentifier>{D5519164-BF26-36DA-740B-76CEFC1827F4}</UniqueIdentifier>
    </Filter>
    <Filter Include="..">
      <UniqueIdentifier>{739DB09A-CC57-A953-A6CF-F64FA08E4FA7}</UniqueIdentifier>
    </Filter>
    <Filter Include="..\..">
      <UniqueIdentifier>{739DB09A-CC57-A953-A6CF-F64FA08E4FA7}</UniqueIdentifier>
    </Filter>
    <Filter Include="..\..\base">
      <UniqueIdentifier>{DBBAC0A6-BB0A-CA51-45CC-DA4574B671E6}</UniqueIdentifier>
    </Filter>
    <Filter Include="..">
      <UniqueIdentifier>{739DB09A-CC57-A953-A6CF-F64FA08E4FA7}</UniqueIdentifier>
    </Filter>
    <Filter Include="..\..">
      <UniqueIdentifier>{739DB09A-CC57-A953-A6CF-F64FA08E4FA7}</UniqueIdentifier>
    </Filter>
    <Filter Include="..\..\base">
      <UniqueIdentifier>{DBBAC0A6-BB0A-CA51-45CC-DA4574B671E6}</UniqueIdentifier>
    </Filter>
    <Filter Include="..">
      <UniqueIdentifier>{739DB09A-CC57-A953-A6CF-F64FA08E4FA7}</UniqueIdentifier>
    </Filter>
    <Filter Include="..\..">
      <UniqueIdentifier>{739DB09A-CC57-A953-A6CF-F64FA08E4FA7}</UniqueIdentifier>
    </Filter>
    <Filter Include="..\..\base">
      <UniqueIdentifier>{DBBAC0A6-BB0A-CA51-45CC-DA4574B671E6}</UniqueIdentifier>
    </Filter>
    <Filter Include="..">
      <UniqueIdentifier>{739DB09A-CC57-A953-A6CF-F64FA08E4FA7}</UniqueIdentifier>
    </Filter>
    <Filter Include="..\..">
      <UniqueIdentifier>{739DB09A-CC57-A953-A6CF-F64FA08E4FA7}</UniqueIdentifier>
    </Filter>
    <Filter Include="..\..\base">
      <UniqueIdentifier>{DBBAC0A6-BB0A-CA51-45CC-DA4574B671E6}</UniqueIdentifier>
    </Filter>
    <Filter Include="..\..\base\debug">
      <UniqueIdentifier>{FBAE646B-1E91-2C58-956B-A42D67D8DA0E}</UniqueIdentifier>
    </Filter>
    <Filter Include="..">
      <UniqueIdentifier>{739DB09A-CC57-A953-A6CF-F64FA08E4FA7}</UniqueIdentifier>
    </Filter>
    <Filter Include="..\..">
      <UniqueIdentifier>{739DB09A-CC57-A953-A6CF-F64FA08E4FA7}</UniqueIdentifier>
    </Filter>
    <Filter Include="..\..\base">
      <UniqueIdentifier>{DBBAC0A6-BB0A-CA51-45CC-DA4574B671E6}</UniqueIdentifier>
    </Filter>
    <Filter Include="..">
      <UniqueIdentifier>{739DB09A-CC57-A953-A6CF-F64FA08E4FA7}</UniqueIdentifier>
    </Filter>
    <Filter Include="..\..">
      <UniqueIdentifier>{739DB09A-CC57-A953-A6CF-F64FA08E4FA7}</UniqueIdentifier>
    </Filter>
    <Filter Include="..\..\base">
      <UniqueIdentifier>{DBBAC0A6-BB0A-CA51-45CC-DA4574B671E6}</UniqueIdentifier>
    </Filter>
    <Filter Include="..">
      <UniqueIdentifier>{739DB09A-CC57-A953-A6CF-F64FA08E4FA7}</UniqueIdentifier>
    </Filter>
    <Filter Include="..\..">
      <UniqueIdentifier>{739DB09A-CC57-A953-A6CF-F64FA08E4FA7}</UniqueIdentifier>
    </Filter>
    <Filter Include="..\..\base">
      <UniqueIdentifier>{DBBAC0A6-BB0A-CA51-45CC-DA4574B671E6}</UniqueIdentifier>
    </Filter>
    <Filter Include="..">
      <UniqueIdentifier>{739DB09A-CC57-A953-A6CF-F64FA08E4FA7}</UniqueIdentifier>
    </Filter>
    <Filter Include="..\..">
      <UniqueIdentifier>{739DB09A-CC57-A953-A6CF-F64FA08E4FA7}</UniqueIdentifier>
    </Filter>
    <Filter Include="..\..\build">
      <UniqueIdentifier>{D5519164-BF26-36DA-740B-76CEFC1827F4}</UniqueIdentifier>
    </Filter>
    <Filter Include="..">
      <UniqueIdentifier>{739DB09A-CC57-A953-A6CF-F64FA08E4FA7}</UniqueIdentifier>
    </Filter>
    <Filter Include="common">
      <UniqueIdentifier>{2F5FD094-EF52-77F7-7AA8-4327A01BF747}</UniqueIdentifier>
    </Filter>
    <Filter Include="common">
      <UniqueIdentifier>{2F5FD094-EF52-77F7-7AA8-4327A01BF747}</UniqueIdentifier>
    </Filter>
    <Filter Include="common">
      <UniqueIdentifier>{2F5FD094-EF52-77F7-7AA8-4327A01BF747}</UniqueIdentifier>
    </Filter>
    <Filter Include="common">
      <UniqueIdentifier>{2F5FD094-EF52-77F7-7AA8-4327A01BF747}</UniqueIdentifier>
    </Filter>
    <Filter Include="common">
      <UniqueIdentifier>{2F5FD094-EF52-77F7-7AA8-4327A01BF747}</UniqueIdentifier>
    </Filter>
    <Filter Include="common">
      <UniqueIdentifier>{2F5FD094-EF52-77F7-7AA8-4327A01BF747}</UniqueIdentifier>
    </Filter>
    <Filter Include="common">
      <UniqueIdentifier>{2F5FD094-EF52-77F7-7AA8-4327A01BF747}</UniqueIdentifier>
    </Filter>
    <Filter Include="common">
      <UniqueIdentifier>{2F5FD094-EF52-77F7-7AA8-4327A01BF747}</UniqueIdentifier>
    </Filter>
    <Filter Include="$(OutDir)gen">
      <UniqueIdentifier>{B54385DA-9AA0-82F8-3CCF-636B21B5C41E}</UniqueIdentifier>
    </Filter>
    <Filter Include="$(OutDir)gen\sdk">
      <UniqueIdentifier>{300B0F0A-ACAD-6063-4C44-1B7D00C8E13F}</UniqueIdentifier>
    </Filter>
    <Filter Include="$(OutDir)gen\sdk\toolchain">
      <UniqueIdentifier>{A1380BF2-B2E4-A638-7882-599BD9BAE887}</UniqueIdentifier>
    </Filter>
    <Filter Include="$(OutDir)gen\sdk\toolchain\win_x86_newlib">
      <UniqueIdentifier>{F379E9B9-88A3-FDFC-0222-7C732E6A9304}</UniqueIdentifier>
    </Filter>
  </ItemGroup>
  <ItemGroup>
    <ClInclude Include="common\gles2_cmd_format.h">
      <Filter>common</Filter>
    </ClInclude>
    <ClCompile Include="common\gles2_cmd_utils.cc">
      <Filter>common</Filter>
    </ClCompile>
    <ClInclude Include="common\gles2_cmd_utils.h">
      <Filter>common</Filter>
    </ClInclude>
    <ClInclude Include="common\gles2_utils_export.h">
      <Filter>common</Filter>
    </ClInclude>
    <None Include="command_buffer_untrusted.gyp"/>
    <None Include="..\..\native_client\build\build_nexe.py">
      <Filter>..\..\native_client\build</Filter>
    </None>
    <ClInclude Include="..\..\base\base_export.h">
      <Filter>..\..\base</Filter>
    </ClInclude>
    <ClInclude Include="..\..\base\basictypes.h">
      <Filter>..\..\base</Filter>
    </ClInclude>
    <ClInclude Include="..\..\base\compiler_specific.h">
      <Filter>..\..\base</Filter>
    </ClInclude>
    <ClInclude Include="..\..\base\debug\debugger.h">
      <Filter>..\..\base\debug</Filter>
    </ClInclude>
    <ClInclude Include="..\..\base\logging.h">
      <Filter>..\..\base</Filter>
    </ClInclude>
    <ClInclude Include="..\..\base\macros.h">
      <Filter>..\..\base</Filter>
    </ClInclude>
    <ClInclude Include="..\..\base\port.h">
      <Filter>..\..\base</Filter>
    </ClInclude>
    <ClInclude Include="..\..\build\build_config.h">
      <Filter>..\..\build</Filter>
    </ClInclude>
    <ClInclude Include="..\gpu_export.h">
      <Filter>..</Filter>
    </ClInclude>
    <ClInclude Include="common\bitfield_helpers.h">
      <Filter>common</Filter>
    </ClInclude>
    <ClInclude Include="common\cmd_buffer_common.h">
      <Filter>common</Filter>
    </ClInclude>
    <ClInclude Include="common\gles2_cmd_format_autogen.h">
      <Filter>common</Filter>
    </ClInclude>
    <ClInclude Include="common\gles2_cmd_ids.h">
      <Filter>common</Filter>
    </ClInclude>
    <ClInclude Include="common\gles2_cmd_ids_autogen.h">
      <Filter>common</Filter>
    </ClInclude>
    <ClInclude Include="common\gles2_cmd_utils_autogen.h">
      <Filter>common</Filter>
    </ClInclude>
    <ClInclude Include="common\gles2_cmd_utils_implementation_autogen.h">
      <Filter>common</Filter>
    </ClInclude>
    <ClInclude Include="common\types.h">
      <Filter>common</Filter>
    </ClInclude>
    <None Include="irt-x86-64.gles2_utils_untrusted.source_list.gypcmd"/>
    <None Include="$(OutDir)gen\sdk\toolchain\win_x86_newlib\stamp.prep">
      <Filter>$(OutDir)gen\sdk\toolchain\win_x86_newlib</Filter>
    </None>
    <None Include="irt-x86-32.gles2_utils_untrusted.source_list.gypcmd"/>
  </ItemGroup>
</Project>
