Microsoft Visual Studio Solution File, Format Version 11.00
# Visual Studio 2010
Project("{2150E333-8FDC-42A3-9474-1A3956D46DE8}") = "(allocator)", "..\..\base\allocator", "{6478B9F3-4858-63F4-35F4-98A303E305F3}"
EndProject
Project("{2150E333-8FDC-42A3-9474-1A3956D46DE8}") = "(base)", "..\..\base", "{9785FB75-982A-5DE3-252D-3F288B9FEF5B}"
EndProject
Project("{2150E333-8FDC-42A3-9474-1A3956D46DE8}") = "(command_buffer)", "..\..\gpu\command_buffer", "{1670CB0B-8AB5-66D9-D715-D2DC1A1CB97F}"
EndProject
Project("{2150E333-8FDC-42A3-9474-1A3956D46DE8}") = "(gpu)", "..\..\gpu", "{C2E276B7-2737-A889-723C-CE2956B80FB7}"
EndProject
Project("{2150E333-8FDC-42A3-9474-1A3956D46DE8}") = "(khronos)", "..\..\third_party\khronos", "{7522960F-C97E-E7C9-38F2-1B74A395F476}"
EndProject
Project("{2150E333-8FDC-42A3-9474-1A3956D46DE8}") = "(native_client)", "..\..\native_client", "{829C43DA-1372-614D-F044-340432AECC41}"
EndProject
Project("{2150E333-8FDC-42A3-9474-1A3956D46DE8}") = "(testing)", "..\..\testing", "{EAC80D00-01D2-3F49-A377-20B7154947F3}"
EndProject
Project("{2150E333-8FDC-42A3-9474-1A3956D46DE8}") = "(third_party)", "..\..\base\third_party", "{3E7FA5AF-27B3-2DE0-883C-12F98E7F4E81}"
EndProject
Project("{2150E333-8FDC-42A3-9474-1A3956D46DE8}") = "(third_party)", "..\..\third_party", "{89C816A7-DD31-D54C-C69C-5A80E0C49B77}"
EndProject
Project("{8BC9CEB8-8B4A-11D0-8D11-00A0C91BC942}") = "allocator_extension_thunks", "..\base\allocator\allocator_extension_thunks.vcxproj", "{B809330E-CE95-CAC3-1CB3-B7ED24F872DA}"
EndProject
Project("{8BC9CEB8-8B4A-11D0-8D11-00A0C91BC942}") = "base", "..\base\base.vcxproj", "{E89D819C-4AE7-5E83-55D5-53A9A91D06D2}"
EndProject
Project("{8BC9CEB8-8B4A-11D0-8D11-00A0C91BC942}") = "base_static", "..\base\base_static.vcxproj", "{9CC0342A-8D18-2E10-C9CF-98126C3C322D}"
EndProject
Project("{8BC9CEB8-8B4A-11D0-8D11-00A0C91BC942}") = "base_untrusted", "..\base\base_untrusted.vcxproj", "{862CD066-8188-F90F-E909-BEE3F32212A3}"
EndProject
Project("{8BC9CEB8-8B4A-11D0-8D11-00A0C91BC942}") = "command_buffer_client_untrusted", "command_buffer_client_untrusted.vcxproj", "{BCFD5365-59CE-E21E-B80C-07230FB3DEBC}"
EndProject
Project("{8BC9CEB8-8B4A-11D0-8D11-00A0C91BC942}") = "command_buffer_common_untrusted", "command_buffer_common_untrusted.vcxproj", "{6C48B9AA-A665-2EF2-CD35-EEFBFC139C18}"
EndProject
Project("{8BC9CEB8-8B4A-11D0-8D11-00A0C91BC942}") = "crt_fini_32", "..\native_client\crt_fini_32.vcxproj", "{9B416E2D-36FC-7C2B-7124-0C85C7521453}"
EndProject
Project("{8BC9CEB8-8B4A-11D0-8D11-00A0C91BC942}") = "crt_fini_64", "..\native_client\crt_fini_64.vcxproj", "{D4F0F1D5-4CCD-0619-C12A-68E5FE982AC0}"
EndProject
Project("{8BC9CEB8-8B4A-11D0-8D11-00A0C91BC942}") = "crt_init_32", "..\native_client\crt_init_32.vcxproj", "{0C7E5210-14A0-826E-702D-4283D8A6E07D}"
EndProject
Project("{8BC9CEB8-8B4A-11D0-8D11-00A0C91BC942}") = "crt_init_64", "..\native_client\crt_init_64.vcxproj", "{07BBC3E3-C7B3-564F-F5C6-EB9A492F8BAA}"
EndProject
Project("{8BC9CEB8-8B4A-11D0-8D11-00A0C91BC942}") = "dynamic_annotations", "..\base\third_party\dynamic_annotations\dynamic_annotations.vcxproj", "{427FF7CE-E7DC-477C-5642-8A30922C917E}"
EndProject
Project("{8BC9CEB8-8B4A-11D0-8D11-00A0C91BC942}") = "gles2_cmd_helper_untrusted", "gles2_cmd_helper_untrusted.vcxproj", "{B873E8D0-87E6-E66E-C838-413716E7E81A}"
EndProject
Project("{8BC9CEB8-8B4A-11D0-8D11-00A0C91BC942}") = "gles2_implementation_untrusted", "gles2_implementation_untrusted.vcxproj", "{3EC49F4A-B4A7-65E0-3653-79CD27CE6E8E}"
EndProject
Project("{8BC9CEB8-8B4A-11D0-8D11-00A0C91BC942}") = "gles2_utils_untrusted", "command_buffer\gles2_utils_untrusted.vcxproj", "{DEFBBEF1-DD93-77B7-920C-1F9300B9FC43}"
EndProject
Project("{8BC9CEB8-8B4A-11D0-8D11-00A0C91BC942}") = "gpu_ipc_untrusted", "gpu_ipc_untrusted.vcxproj", "{4B21669E-EC76-D357-039E-AB5BD7D51213}"
EndProject
Project("{8BC9CEB8-8B4A-11D0-8D11-00A0C91BC942}") = "gtest_prod", "..\testing\gtest_prod.vcxproj", "{A20D54BB-66E6-1EBA-AA9E-DEE774DEC16E}"
EndProject
Project("{8BC9CEB8-8B4A-11D0-8D11-00A0C91BC942}") = "ipc", "..\ipc\ipc.vcxproj", "{FFD4398A-5114-894B-0CA0-E935511FC0CD}"
EndProject
Project("{8BC9CEB8-8B4A-11D0-8D11-00A0C91BC942}") = "khronos_headers", "..\third_party\khronos\khronos_headers.vcxproj", "{105A76EC-4448-B68E-4597-2D73E9514A00}"
EndProject
Project("{8BC9CEB8-8B4A-11D0-8D11-00A0C91BC942}") = "modp_b64", "..\third_party\modp_b64\modp_b64.vcxproj", "{0E259FD7-99FA-B07F-10E4-49A0F35BEF50}"
EndProject
Project("{8BC9CEB8-8B4A-11D0-8D11-00A0C91BC942}") = "prep_nacl_sdk", "..\native_client\prep_nacl_sdk.vcxproj", "{CFB00F90-A5EA-CD0C-2FB0-2EDA71BE7152}"
EndProject
Project("{8BC9CEB8-8B4A-11D0-8D11-00A0C91BC942}") = "prep_toolchain", "..\native_client\prep_toolchain.vcxproj", "{AEC459BC-7719-C084-A374-801A031C920A}"
EndProject
Project("{8BC9CEB8-8B4A-11D0-8D11-00A0C91BC942}") = "untar_toolchains", "..\native_client\untar_toolchains.vcxproj", "{D41AAECB-7C1B-E0E8-A7EF-39C2F5CF6BA6}"
EndProject
Global
	GlobalSection(SolutionConfigurationPlatforms) = preSolution
		Release|x64 = Release|x64
		Debug|Win32 = Debug|Win32
		Debug|x64 = Debug|x64
		Release|Win32 = Release|Win32
	EndGlobalSection
	GlobalSection(ProjectConfigurationPlatforms) = postSolution
		{07BBC3E3-C7B3-564F-F5C6-EB9A492F8BAA}.Release|x64.ActiveCfg = Release|x64
		{07BBC3E3-C7B3-564F-F5C6-EB9A492F8BAA}.Release|x64.Build.0 = Release|x64
		{07BBC3E3-C7B3-564F-F5C6-EB9A492F8BAA}.Debug|Win32.ActiveCfg = Debug|Win32
		{07BBC3E3-C7B3-564F-F5C6-EB9A492F8BAA}.Debug|Win32.Build.0 = Debug|Win32
		{07BBC3E3-C7B3-564F-F5C6-EB9A492F8BAA}.Debug|x64.ActiveCfg = Debug|x64
		{07BBC3E3-C7B3-564F-F5C6-EB9A492F8BAA}.Debug|x64.Build.0 = Debug|x64
		{07BBC3E3-C7B3-564F-F5C6-EB9A492F8BAA}.Release|Win32.ActiveCfg = Release|Win32
		{07BBC3E3-C7B3-564F-F5C6-EB9A492F8BAA}.Release|Win32.Build.0 = Release|Win32
		{0C7E5210-14A0-826E-702D-4283D8A6E07D}.Release|x64.ActiveCfg = Release|x64
		{0C7E5210-14A0-826E-702D-4283D8A6E07D}.Release|x64.Build.0 = Release|x64
		{0C7E5210-14A0-826E-702D-4283D8A6E07D}.Debug|Win32.ActiveCfg = Debug|Win32
		{0C7E5210-14A0-826E-702D-4283D8A6E07D}.Debug|Win32.Build.0 = Debug|Win32
		{0C7E5210-14A0-826E-702D-4283D8A6E07D}.Debug|x64.ActiveCfg = Debug|x64
		{0C7E5210-14A0-826E-702D-4283D8A6E07D}.Debug|x64.Build.0 = Debug|x64
		{0C7E5210-14A0-826E-702D-4283D8A6E07D}.Release|Win32.ActiveCfg = Release|Win32
		{0C7E5210-14A0-826E-702D-4283D8A6E07D}.Release|Win32.Build.0 = Release|Win32
		{0E259FD7-99FA-B07F-10E4-49A0F35BEF50}.Release|x64.ActiveCfg = Release|x64
		{0E259FD7-99FA-B07F-10E4-49A0F35BEF50}.Release|x64.Build.0 = Release|x64
		{0E259FD7-99FA-B07F-10E4-49A0F35BEF50}.Debug|Win32.ActiveCfg = Debug|Win32
		{0E259FD7-99FA-B07F-10E4-49A0F35BEF50}.Debug|Win32.Build.0 = Debug|Win32
		{0E259FD7-99FA-B07F-10E4-49A0F35BEF50}.Debug|x64.ActiveCfg = Debug|x64
		{0E259FD7-99FA-B07F-10E4-49A0F35BEF50}.Debug|x64.Build.0 = Debug|x64
		{0E259FD7-99FA-B07F-10E4-49A0F35BEF50}.Release|Win32.ActiveCfg = Release|Win32
		{0E259FD7-99FA-B07F-10E4-49A0F35BEF50}.Release|Win32.Build.0 = Release|Win32
		{105A76EC-4448-B68E-4597-2D73E9514A00}.Release|x64.ActiveCfg = Release|x64
		{105A76EC-4448-B68E-4597-2D73E9514A00}.Release|x64.Build.0 = Release|x64
		{105A76EC-4448-B68E-4597-2D73E9514A00}.Debug|Win32.ActiveCfg = Debug|Win32
		{105A76EC-4448-B68E-4597-2D73E9514A00}.Debug|Win32.Build.0 = Debug|Win32
		{105A76EC-4448-B68E-4597-2D73E9514A00}.Debug|x64.ActiveCfg = Debug|x64
		{105A76EC-4448-B68E-4597-2D73E9514A00}.Debug|x64.Build.0 = Debug|x64
		{105A76EC-4448-B68E-4597-2D73E9514A00}.Release|Win32.ActiveCfg = Release|Win32
		{105A76EC-4448-B68E-4597-2D73E9514A00}.Release|Win32.Build.0 = Release|Win32
		{3EC49F4A-B4A7-65E0-3653-79CD27CE6E8E}.Release|x64.ActiveCfg = Release|x64
		{3EC49F4A-B4A7-65E0-3653-79CD27CE6E8E}.Release|x64.Build.0 = Release|x64
		{3EC49F4A-B4A7-65E0-3653-79CD27CE6E8E}.Debug|Win32.ActiveCfg = Debug|Win32
		{3EC49F4A-B4A7-65E0-3653-79CD27CE6E8E}.Debug|Win32.Build.0 = Debug|Win32
		{3EC49F4A-B4A7-65E0-3653-79CD27CE6E8E}.Debug|x64.ActiveCfg = Debug|x64
		{3EC49F4A-B4A7-65E0-3653-79CD27CE6E8E}.Debug|x64.Build.0 = Debug|x64
		{3EC49F4A-B4A7-65E0-3653-79CD27CE6E8E}.Release|Win32.ActiveCfg = Release|Win32
		{3EC49F4A-B4A7-65E0-3653-79CD27CE6E8E}.Release|Win32.Build.0 = Release|Win32
		{427FF7CE-E7DC-477C-5642-8A30922C917E}.Release|x64.ActiveCfg = Release|x64
		{427FF7CE-E7DC-477C-5642-8A30922C917E}.Release|x64.Build.0 = Release|x64
		{427FF7CE-E7DC-477C-5642-8A30922C917E}.Debug|Win32.ActiveCfg = Debug|Win32
		{427FF7CE-E7DC-477C-5642-8A30922C917E}.Debug|Win32.Build.0 = Debug|Win32
		{427FF7CE-E7DC-477C-5642-8A30922C917E}.Debug|x64.ActiveCfg = Debug|x64
		{427FF7CE-E7DC-477C-5642-8A30922C917E}.Debug|x64.Build.0 = Debug|x64
		{427FF7CE-E7DC-477C-5642-8A30922C917E}.Release|Win32.ActiveCfg = Release|Win32
		{427FF7CE-E7DC-477C-5642-8A30922C917E}.Release|Win32.Build.0 = Release|Win32
		{4B21669E-EC76-D357-039E-AB5BD7D51213}.Release|x64.ActiveCfg = Release|x64
		{4B21669E-EC76-D357-039E-AB5BD7D51213}.Release|x64.Build.0 = Release|x64
		{4B21669E-EC76-D357-039E-AB5BD7D51213}.Debug|Win32.ActiveCfg = Debug|Win32
		{4B21669E-EC76-D357-039E-AB5BD7D51213}.Debug|Win32.Build.0 = Debug|Win32
		{4B21669E-EC76-D357-039E-AB5BD7D51213}.Debug|x64.ActiveCfg = Debug|x64
		{4B21669E-EC76-D357-039E-AB5BD7D51213}.Debug|x64.Build.0 = Debug|x64
		{4B21669E-EC76-D357-039E-AB5BD7D51213}.Release|Win32.ActiveCfg = Release|Win32
		{4B21669E-EC76-D357-039E-AB5BD7D51213}.Release|Win32.Build.0 = Release|Win32
		{6C48B9AA-A665-2EF2-CD35-EEFBFC139C18}.Release|x64.ActiveCfg = Release|x64
		{6C48B9AA-A665-2EF2-CD35-EEFBFC139C18}.Release|x64.Build.0 = Release|x64
		{6C48B9AA-A665-2EF2-CD35-EEFBFC139C18}.Debug|Win32.ActiveCfg = Debug|Win32
		{6C48B9AA-A665-2EF2-CD35-EEFBFC139C18}.Debug|Win32.Build.0 = Debug|Win32
		{6C48B9AA-A665-2EF2-CD35-EEFBFC139C18}.Debug|x64.ActiveCfg = Debug|x64
		{6C48B9AA-A665-2EF2-CD35-EEFBFC139C18}.Debug|x64.Build.0 = Debug|x64
		{6C48B9AA-A665-2EF2-CD35-EEFBFC139C18}.Release|Win32.ActiveCfg = Release|Win32
		{6C48B9AA-A665-2EF2-CD35-EEFBFC139C18}.Release|Win32.Build.0 = Release|Win32
		{862CD066-8188-F90F-E909-BEE3F32212A3}.Release|x64.ActiveCfg = Release|x64
		{862CD066-8188-F90F-E909-BEE3F32212A3}.Release|x64.Build.0 = Release|x64
		{862CD066-8188-F90F-E909-BEE3F32212A3}.Debug|Win32.ActiveCfg = Debug|Win32
		{862CD066-8188-F90F-E909-BEE3F32212A3}.Debug|Win32.Build.0 = Debug|Win32
		{862CD066-8188-F90F-E909-BEE3F32212A3}.Debug|x64.ActiveCfg = Debug|x64
		{862CD066-8188-F90F-E909-BEE3F32212A3}.Debug|x64.Build.0 = Debug|x64
		{862CD066-8188-F90F-E909-BEE3F32212A3}.Release|Win32.ActiveCfg = Release|Win32
		{862CD066-8188-F90F-E909-BEE3F32212A3}.Release|Win32.Build.0 = Release|Win32
		{9B416E2D-36FC-7C2B-7124-0C85C7521453}.Release|x64.ActiveCfg = Release|x64
		{9B416E2D-36FC-7C2B-7124-0C85C7521453}.Release|x64.Build.0 = Release|x64
		{9B416E2D-36FC-7C2B-7124-0C85C7521453}.Debug|Win32.ActiveCfg = Debug|Win32
		{9B416E2D-36FC-7C2B-7124-0C85C7521453}.Debug|Win32.Build.0 = Debug|Win32
		{9B416E2D-36FC-7C2B-7124-0C85C7521453}.Debug|x64.ActiveCfg = Debug|x64
		{9B416E2D-36FC-7C2B-7124-0C85C7521453}.Debug|x64.Build.0 = Debug|x64
		{9B416E2D-36FC-7C2B-7124-0C85C7521453}.Release|Win32.ActiveCfg = Release|Win32
		{9B416E2D-36FC-7C2B-7124-0C85C7521453}.Release|Win32.Build.0 = Release|Win32
		{9CC0342A-8D18-2E10-C9CF-98126C3C322D}.Release|x64.ActiveCfg = Release|x64
		{9CC0342A-8D18-2E10-C9CF-98126C3C322D}.Release|x64.Build.0 = Release|x64
		{9CC0342A-8D18-2E10-C9CF-98126C3C322D}.Debug|Win32.ActiveCfg = Debug|Win32
		{9CC0342A-8D18-2E10-C9CF-98126C3C322D}.Debug|Win32.Build.0 = Debug|Win32
		{9CC0342A-8D18-2E10-C9CF-98126C3C322D}.Debug|x64.ActiveCfg = Debug|x64
		{9CC0342A-8D18-2E10-C9CF-98126C3C322D}.Debug|x64.Build.0 = Debug|x64
		{9CC0342A-8D18-2E10-C9CF-98126C3C322D}.Release|Win32.ActiveCfg = Release|Win32
		{9CC0342A-8D18-2E10-C9CF-98126C3C322D}.Release|Win32.Build.0 = Release|Win32
		{A20D54BB-66E6-1EBA-AA9E-DEE774DEC16E}.Release|x64.ActiveCfg = Release|x64
		{A20D54BB-66E6-1EBA-AA9E-DEE774DEC16E}.Release|x64.Build.0 = Release|x64
		{A20D54BB-66E6-1EBA-AA9E-DEE774DEC16E}.Debug|Win32.ActiveCfg = Debug|Win32
		{A20D54BB-66E6-1EBA-AA9E-DEE774DEC16E}.Debug|Win32.Build.0 = Debug|Win32
		{A20D54BB-66E6-1EBA-AA9E-DEE774DEC16E}.Debug|x64.ActiveCfg = Debug|x64
		{A20D54BB-66E6-1EBA-AA9E-DEE774DEC16E}.Debug|x64.Build.0 = Debug|x64
		{A20D54BB-66E6-1EBA-AA9E-DEE774DEC16E}.Release|Win32.ActiveCfg = Release|Win32
		{A20D54BB-66E6-1EBA-AA9E-DEE774DEC16E}.Release|Win32.Build.0 = Release|Win32
		{AEC459BC-7719-C084-A374-801A031C920A}.Release|x64.ActiveCfg = Release|x64
		{AEC459BC-7719-C084-A374-801A031C920A}.Release|x64.Build.0 = Release|x64
		{AEC459BC-7719-C084-A374-801A031C920A}.Debug|Win32.ActiveCfg = Debug|Win32
		{AEC459BC-7719-C084-A374-801A031C920A}.Debug|Win32.Build.0 = Debug|Win32
		{AEC459BC-7719-C084-A374-801A031C920A}.Debug|x64.ActiveCfg = Debug|x64
		{AEC459BC-7719-C084-A374-801A031C920A}.Debug|x64.Build.0 = Debug|x64
		{AEC459BC-7719-C084-A374-801A031C920A}.Release|Win32.ActiveCfg = Release|Win32
		{AEC459BC-7719-C084-A374-801A031C920A}.Release|Win32.Build.0 = Release|Win32
		{B809330E-CE95-CAC3-1CB3-B7ED24F872DA}.Release|x64.ActiveCfg = Release|x64
		{B809330E-CE95-CAC3-1CB3-B7ED24F872DA}.Release|x64.Build.0 = Release|x64
		{B809330E-CE95-CAC3-1CB3-B7ED24F872DA}.Debug|Win32.ActiveCfg = Debug|Win32
		{B809330E-CE95-CAC3-1CB3-B7ED24F872DA}.Debug|Win32.Build.0 = Debug|Win32
		{B809330E-CE95-CAC3-1CB3-B7ED24F872DA}.Debug|x64.ActiveCfg = Debug|x64
		{B809330E-CE95-CAC3-1CB3-B7ED24F872DA}.Debug|x64.Build.0 = Debug|x64
		{B809330E-CE95-CAC3-1CB3-B7ED24F872DA}.Release|Win32.ActiveCfg = Release|Win32
		{B809330E-CE95-CAC3-1CB3-B7ED24F872DA}.Release|Win32.Build.0 = Release|Win32
		{B873E8D0-87E6-E66E-C838-413716E7E81A}.Release|x64.ActiveCfg = Release|x64
		{B873E8D0-87E6-E66E-C838-413716E7E81A}.Release|x64.Build.0 = Release|x64
		{B873E8D0-87E6-E66E-C838-413716E7E81A}.Debug|Win32.ActiveCfg = Debug|Win32
		{B873E8D0-87E6-E66E-C838-413716E7E81A}.Debug|Win32.Build.0 = Debug|Win32
		{B873E8D0-87E6-E66E-C838-413716E7E81A}.Debug|x64.ActiveCfg = Debug|x64
		{B873E8D0-87E6-E66E-C838-413716E7E81A}.Debug|x64.Build.0 = Debug|x64
		{B873E8D0-87E6-E66E-C838-413716E7E81A}.Release|Win32.ActiveCfg = Release|Win32
		{B873E8D0-87E6-E66E-C838-413716E7E81A}.Release|Win32.Build.0 = Release|Win32
		{BCFD5365-59CE-E21E-B80C-07230FB3DEBC}.Release|x64.ActiveCfg = Release|x64
		{BCFD5365-59CE-E21E-B80C-07230FB3DEBC}.Release|x64.Build.0 = Release|x64
		{BCFD5365-59CE-E21E-B80C-07230FB3DEBC}.Debug|Win32.ActiveCfg = Debug|Win32
		{BCFD5365-59CE-E21E-B80C-07230FB3DEBC}.Debug|Win32.Build.0 = Debug|Win32
		{BCFD5365-59CE-E21E-B80C-07230FB3DEBC}.Debug|x64.ActiveCfg = Debug|x64
		{BCFD5365-59CE-E21E-B80C-07230FB3DEBC}.Debug|x64.Build.0 = Debug|x64
		{BCFD5365-59CE-E21E-B80C-07230FB3DEBC}.Release|Win32.ActiveCfg = Release|Win32
		{BCFD5365-59CE-E21E-B80C-07230FB3DEBC}.Release|Win32.Build.0 = Release|Win32
		{CFB00F90-A5EA-CD0C-2FB0-2EDA71BE7152}.Release|x64.ActiveCfg = Release|x64
		{CFB00F90-A5EA-CD0C-2FB0-2EDA71BE7152}.Release|x64.Build.0 = Release|x64
		{CFB00F90-A5EA-CD0C-2FB0-2EDA71BE7152}.Debug|Win32.ActiveCfg = Debug|Win32
		{CFB00F90-A5EA-CD0C-2FB0-2EDA71BE7152}.Debug|Win32.Build.0 = Debug|Win32
		{CFB00F90-A5EA-CD0C-2FB0-2EDA71BE7152}.Debug|x64.ActiveCfg = Debug|x64
		{CFB00F90-A5EA-CD0C-2FB0-2EDA71BE7152}.Debug|x64.Build.0 = Debug|x64
		{CFB00F90-A5EA-CD0C-2FB0-2EDA71BE7152}.Release|Win32.ActiveCfg = Release|Win32
		{CFB00F90-A5EA-CD0C-2FB0-2EDA71BE7152}.Release|Win32.Build.0 = Release|Win32
		{D41AAECB-7C1B-E0E8-A7EF-39C2F5CF6BA6}.Release|x64.ActiveCfg = Release|x64
		{D41AAECB-7C1B-E0E8-A7EF-39C2F5CF6BA6}.Release|x64.Build.0 = Release|x64
		{D41AAECB-7C1B-E0E8-A7EF-39C2F5CF6BA6}.Debug|Win32.ActiveCfg = Debug|Win32
		{D41AAECB-7C1B-E0E8-A7EF-39C2F5CF6BA6}.Debug|Win32.Build.0 = Debug|Win32
		{D41AAECB-7C1B-E0E8-A7EF-39C2F5CF6BA6}.Debug|x64.ActiveCfg = Debug|x64
		{D41AAECB-7C1B-E0E8-A7EF-39C2F5CF6BA6}.Debug|x64.Build.0 = Debug|x64
		{D41AAECB-7C1B-E0E8-A7EF-39C2F5CF6BA6}.Release|Win32.ActiveCfg = Release|Win32
		{D41AAECB-7C1B-E0E8-A7EF-39C2F5CF6BA6}.Release|Win32.Build.0 = Release|Win32
		{D4F0F1D5-4CCD-0619-C12A-68E5FE982AC0}.Release|x64.ActiveCfg = Release|x64
		{D4F0F1D5-4CCD-0619-C12A-68E5FE982AC0}.Release|x64.Build.0 = Release|x64
		{D4F0F1D5-4CCD-0619-C12A-68E5FE982AC0}.Debug|Win32.ActiveCfg = Debug|Win32
		{D4F0F1D5-4CCD-0619-C12A-68E5FE982AC0}.Debug|Win32.Build.0 = Debug|Win32
		{D4F0F1D5-4CCD-0619-C12A-68E5FE982AC0}.Debug|x64.ActiveCfg = Debug|x64
		{D4F0F1D5-4CCD-0619-C12A-68E5FE982AC0}.Debug|x64.Build.0 = Debug|x64
		{D4F0F1D5-4CCD-0619-C12A-68E5FE982AC0}.Release|Win32.ActiveCfg = Release|Win32
		{D4F0F1D5-4CCD-0619-C12A-68E5FE982AC0}.Release|Win32.Build.0 = Release|Win32
		{DEFBBEF1-DD93-77B7-920C-1F9300B9FC43}.Release|x64.ActiveCfg = Release|x64
		{DEFBBEF1-DD93-77B7-920C-1F9300B9FC43}.Release|x64.Build.0 = Release|x64
		{DEFBBEF1-DD93-77B7-920C-1F9300B9FC43}.Debug|Win32.ActiveCfg = Debug|Win32
		{DEFBBEF1-DD93-77B7-920C-1F9300B9FC43}.Debug|Win32.Build.0 = Debug|Win32
		{DEFBBEF1-DD93-77B7-920C-1F9300B9FC43}.Debug|x64.ActiveCfg = Debug|x64
		{DEFBBEF1-DD93-77B7-920C-1F9300B9FC43}.Debug|x64.Build.0 = Debug|x64
		{DEFBBEF1-DD93-77B7-920C-1F9300B9FC43}.Release|Win32.ActiveCfg = Release|Win32
		{DEFBBEF1-DD93-77B7-920C-1F9300B9FC43}.Release|Win32.Build.0 = Release|Win32
		{E89D819C-4AE7-5E83-55D5-53A9A91D06D2}.Release|x64.ActiveCfg = Release|x64
		{E89D819C-4AE7-5E83-55D5-53A9A91D06D2}.Release|x64.Build.0 = Release|x64
		{E89D819C-4AE7-5E83-55D5-53A9A91D06D2}.Debug|Win32.ActiveCfg = Debug|Win32
		{E89D819C-4AE7-5E83-55D5-53A9A91D06D2}.Debug|Win32.Build.0 = Debug|Win32
		{E89D819C-4AE7-5E83-55D5-53A9A91D06D2}.Debug|x64.ActiveCfg = Debug|x64
		{E89D819C-4AE7-5E83-55D5-53A9A91D06D2}.Debug|x64.Build.0 = Debug|x64
		{E89D819C-4AE7-5E83-55D5-53A9A91D06D2}.Release|Win32.ActiveCfg = Release|Win32
		{E89D819C-4AE7-5E83-55D5-53A9A91D06D2}.Release|Win32.Build.0 = Release|Win32
		{FFD4398A-5114-894B-0CA0-E935511FC0CD}.Release|x64.ActiveCfg = Release|x64
		{FFD4398A-5114-894B-0CA0-E935511FC0CD}.Release|x64.Build.0 = Release|x64
		{FFD4398A-5114-894B-0CA0-E935511FC0CD}.Debug|Win32.ActiveCfg = Debug|Win32
		{FFD4398A-5114-894B-0CA0-E935511FC0CD}.Debug|Win32.Build.0 = Debug|Win32
		{FFD4398A-5114-894B-0CA0-E935511FC0CD}.Debug|x64.ActiveCfg = Debug|x64
		{FFD4398A-5114-894B-0CA0-E935511FC0CD}.Debug|x64.Build.0 = Debug|x64
		{FFD4398A-5114-894B-0CA0-E935511FC0CD}.Release|Win32.ActiveCfg = Release|Win32
		{FFD4398A-5114-894B-0CA0-E935511FC0CD}.Release|Win32.Build.0 = Release|Win32
	EndGlobalSection
	GlobalSection(SolutionProperties) = preSolution
		HideSolutionNode = FALSE
	EndGlobalSection
	GlobalSection(NestedProjects) = preSolution
		{B809330E-CE95-CAC3-1CB3-B7ED24F872DA} = {6478B9F3-4858-63F4-35F4-98A303E305F3}
		{6478B9F3-4858-63F4-35F4-98A303E305F3} = {9785FB75-982A-5DE3-252D-3F288B9FEF5B}
		{3E7FA5AF-27B3-2DE0-883C-12F98E7F4E81} = {9785FB75-982A-5DE3-252D-3F288B9FEF5B}
		{E89D819C-4AE7-5E83-55D5-53A9A91D06D2} = {9785FB75-982A-5DE3-252D-3F288B9FEF5B}
		{9CC0342A-8D18-2E10-C9CF-98126C3C322D} = {9785FB75-982A-5DE3-252D-3F288B9FEF5B}
		{862CD066-8188-F90F-E909-BEE3F32212A3} = {9785FB75-982A-5DE3-252D-3F288B9FEF5B}
		{DEFBBEF1-DD93-77B7-920C-1F9300B9FC43} = {1670CB0B-8AB5-66D9-D715-D2DC1A1CB97F}
		{1670CB0B-8AB5-66D9-D715-D2DC1A1CB97F} = {C2E276B7-2737-A889-723C-CE2956B80FB7}
		{BCFD5365-59CE-E21E-B80C-07230FB3DEBC} = {C2E276B7-2737-A889-723C-CE2956B80FB7}
		{6C48B9AA-A665-2EF2-CD35-EEFBFC139C18} = {C2E276B7-2737-A889-723C-CE2956B80FB7}
		{B873E8D0-87E6-E66E-C838-413716E7E81A} = {C2E276B7-2737-A889-723C-CE2956B80FB7}
		{3EC49F4A-B4A7-65E0-3653-79CD27CE6E8E} = {C2E276B7-2737-A889-723C-CE2956B80FB7}
		{4B21669E-EC76-D357-039E-AB5BD7D51213} = {C2E276B7-2737-A889-723C-CE2956B80FB7}
		{105A76EC-4448-B68E-4597-2D73E9514A00} = {7522960F-C97E-E7C9-38F2-1B74A395F476}
		{9B416E2D-36FC-7C2B-7124-0C85C7521453} = {829C43DA-1372-614D-F044-340432AECC41}
		{D4F0F1D5-4CCD-0619-C12A-68E5FE982AC0} = {829C43DA-1372-614D-F044-340432AECC41}
		{0C7E5210-14A0-826E-702D-4283D8A6E07D} = {829C43DA-1372-614D-F044-340432AECC41}
		{07BBC3E3-C7B3-564F-F5C6-EB9A492F8BAA} = {829C43DA-1372-614D-F044-340432AECC41}
		{CFB00F90-A5EA-CD0C-2FB0-2EDA71BE7152} = {829C43DA-1372-614D-F044-340432AECC41}
		{AEC459BC-7719-C084-A374-801A031C920A} = {829C43DA-1372-614D-F044-340432AECC41}
		{D41AAECB-7C1B-E0E8-A7EF-39C2F5CF6BA6} = {829C43DA-1372-614D-F044-340432AECC41}
		{A20D54BB-66E6-1EBA-AA9E-DEE774DEC16E} = {EAC80D00-01D2-3F49-A377-20B7154947F3}
		{427FF7CE-E7DC-477C-5642-8A30922C917E} = {3E7FA5AF-27B3-2DE0-883C-12F98E7F4E81}
		{7522960F-C97E-E7C9-38F2-1B74A395F476} = {89C816A7-DD31-D54C-C69C-5A80E0C49B77}
		{0E259FD7-99FA-B07F-10E4-49A0F35BEF50} = {89C816A7-DD31-D54C-C69C-5A80E0C49B77}
	EndGlobalSection
EndGlobal
